// !$*UTF8*$!
{
	archiveVersion = 1;
	classes = {
	};
	objectVersion = 55;
	objects = {

/* Begin PBXBuildFile section */
		3FD2471C27D0A0C200CE166A /* AppDelegate.swift in Sources */ = {isa = PBXBuildFile; fileRef = 3FD2471B27D0A0C200CE166A /* AppDelegate.swift */; };
		3FD2471E27D0A0C200CE166A /* SceneDelegate.swift in Sources */ = {isa = PBXBuildFile; fileRef = 3FD2471D27D0A0C200CE166A /* SceneDelegate.swift */; };
		3FD2472027D0A0C200CE166A /* ViewController.swift in Sources */ = {isa = PBXBuildFile; fileRef = 3FD2471F27D0A0C200CE166A /* ViewController.swift */; };
		3FD2472327D0A0C200CE166A /* Main.storyboard in Resources */ = {isa = PBXBuildFile; fileRef = 3FD2472127D0A0C200CE166A /* Main.storyboard */; };
		3FD2472527D0A0C200CE166A /* Assets.xcassets in Resources */ = {isa = PBXBuildFile; fileRef = 3FD2472427D0A0C200CE166A /* Assets.xcassets */; };
		3FD2472827D0A0C200CE166A /* LaunchScreen.storyboard in Resources */ = {isa = PBXBuildFile; fileRef = 3FD2472627D0A0C200CE166A /* LaunchScreen.storyboard */; };
		3FD2473327D0A0C200CE166A /* Takkellapati_SearchAppTests.swift in Sources */ = {isa = PBXBuildFile; fileRef = 3FD2473227D0A0C200CE166A /* Takkellapati_SearchAppTests.swift */; };
		3FD2473D27D0A0C200CE166A /* Takkellapati_SearchAppUITests.swift in Sources */ = {isa = PBXBuildFile; fileRef = 3FD2473C27D0A0C200CE166A /* Takkellapati_SearchAppUITests.swift */; };
		3FD2473F27D0A0C200CE166A /* Takkellapati_SearchAppUITestsLaunchTests.swift in Sources */ = {isa = PBXBuildFile; fileRef = 3FD2473E27D0A0C200CE166A /* Takkellapati_SearchAppUITestsLaunchTests.swift */; };
/* End PBXBuildFile section */

/* Begin PBXContainerItemProxy section */
		3FD2472F27D0A0C200CE166A /* PBXContainerItemProxy */ = {
			isa = PBXContainerItemProxy;
			containerPortal = 3FD2471027D0A0C200CE166A /* Project object */;
			proxyType = 1;
			remoteGlobalIDString = 3FD2471727D0A0C200CE166A;
			remoteInfo = Takkellapati_SearchApp;
		};
		3FD2473927D0A0C200CE166A /* PBXContainerItemProxy */ = {
			isa = PBXContainerItemProxy;
			containerPortal = 3FD2471027D0A0C200CE166A /* Project object */;
			proxyType = 1;
			remoteGlobalIDString = 3FD2471727D0A0C200CE166A;
			remoteInfo = Takkellapati_SearchApp;
		};
/* End PBXContainerItemProxy section */

/* Begin PBXFileReference section */
		3FD2471827D0A0C200CE166A /* Takkellapati_SearchApp.app */ = {isa = PBXFileReference; explicitFileType = wrapper.application; includeInIndex = 0; path = Takkellapati_SearchApp.app; sourceTree = BUILT_PRODUCTS_DIR; };
		3FD2471B27D0A0C200CE166A /* AppDelegate.swift */ = {isa = PBXFileReference; lastKnownFileType = sourcecode.swift; path = AppDelegate.swift; sourceTree = "<group>"; };
		3FD2471D27D0A0C200CE166A /* SceneDelegate.swift */ = {isa = PBXFileReference; lastKnownFileType = sourcecode.swift; path = SceneDelegate.swift; sourceTree = "<group>"; };
		3FD2471F27D0A0C200CE166A /* ViewController.swift */ = {isa = PBXFileReference; lastKnownFileType = sourcecode.swift; path = ViewController.swift; sourceTree = "<group>"; };
		3FD2472227D0A0C200CE166A /* Base */ = {isa = PBXFileReference; lastKnownFileType = file.storyboard; name = Base; path = Base.lproj/Main.storyboard; sourceTree = "<group>"; };
		3FD2472427D0A0C200CE166A /* Assets.xcassets */ = {isa = PBXFileReference; lastKnownFileType = folder.assetcatalog; path = Assets.xcassets; sourceTree = "<group>"; };
		3FD2472727D0A0C200CE166A /* Base */ = {isa = PBXFileReference; lastKnownFileType = file.storyboard; name = Base; path = Base.lproj/LaunchScreen.storyboard; sourceTree = "<group>"; };
		3FD2472927D0A0C200CE166A /* Info.plist */ = {isa = PBXFileReference; lastKnownFileType = text.plist.xml; path = Info.plist; sourceTree = "<group>"; };
		3FD2472E27D0A0C200CE166A /* Takkellapati_SearchAppTests.xctest */ = {isa = PBXFileReference; explicitFileType = wrapper.cfbundle; includeInIndex = 0; path = Takkellapati_SearchAppTests.xctest; sourceTree = BUILT_PRODUCTS_DIR; };
		3FD2473227D0A0C200CE166A /* Takkellapati_SearchAppTests.swift */ = {isa = PBXFileReference; lastKnownFileType = sourcecode.swift; path = Takkellapati_SearchAppTests.swift; sourceTree = "<group>"; };
		3FD2473827D0A0C200CE166A /* Takkellapati_SearchAppUITests.xctest */ = {isa = PBXFileReference; explicitFileType = wrapper.cfbundle; includeInIndex = 0; path = Takkellapati_SearchAppUITests.xctest; sourceTree = BUILT_PRODUCTS_DIR; };
		3FD2473C27D0A0C200CE166A /* Takkellapati_SearchAppUITests.swift */ = {isa = PBXFileReference; lastKnownFileType = sourcecode.swift; path = Takkellapati_SearchAppUITests.swift; sourceTree = "<group>"; };
		3FD2473E27D0A0C200CE166A /* Takkellapati_SearchAppUITestsLaunchTests.swift */ = {isa = PBXFileReference; lastKnownFileType = sourcecode.swift; path = Takkellapati_SearchAppUITestsLaunchTests.swift; sourceTree = "<group>"; };
/* End PBXFileReference section */

/* Begin PBXFrameworksBuildPhase section */
		3FD2471527D0A0C200CE166A /* Frameworks */ = {
			isa = PBXFrameworksBuildPhase;
			buildActionMask = 2147483647;
			files = (
			);
			runOnlyForDeploymentPostprocessing = 0;
		};
		3FD2472B27D0A0C200CE166A /* Frameworks */ = {
			isa = PBXFrameworksBuildPhase;
			buildActionMask = 2147483647;
			files = (
			);
			runOnlyForDeploymentPostprocessing = 0;
		};
		3FD2473527D0A0C200CE166A /* Frameworks */ = {
			isa = PBXFrameworksBuildPhase;
			buildActionMask = 2147483647;
			files = (
			);
			runOnlyForDeploymentPostprocessing = 0;
		};
/* End PBXFrameworksBuildPhase section */

/* Begin PBXGroup section */
		3FD2470F27D0A0C200CE166A = {
			isa = PBXGroup;
			children = (
				3FD2471A27D0A0C200CE166A /* Takkellapati_SearchApp */,
				3FD2473127D0A0C200CE166A /* Takkellapati_SearchAppTests */,
				3FD2473B27D0A0C200CE166A /* Takkellapati_SearchAppUITests */,
				3FD2471927D0A0C200CE166A /* Products */,
			);
			sourceTree = "<group>";
		};
		3FD2471927D0A0C200CE166A /* Products */ = {
			isa = PBXGroup;
			children = (
				3FD2471827D0A0C200CE166A /* Takkellapati_SearchApp.app */,
				3FD2472E27D0A0C200CE166A /* Takkellapati_SearchAppTests.xctest */,
				3FD2473827D0A0C200CE166A /* Takkellapati_SearchAppUITests.xctest */,
			);
			name = Products;
			sourceTree = "<group>";
		};
		3FD2471A27D0A0C200CE166A /* Takkellapati_SearchApp */ = {
			isa = PBXGroup;
			children = (
				3FD2471B27D0A0C200CE166A /* AppDelegate.swift */,
				3FD2471D27D0A0C200CE166A /* SceneDelegate.swift */,
				3FD2471F27D0A0C200CE166A /* ViewController.swift */,
				3FD2472127D0A0C200CE166A /* Main.storyboard */,
				3FD2472427D0A0C200CE166A /* Assets.xcassets */,
				3FD2472627D0A0C200CE166A /* LaunchScreen.storyboard */,
				3FD2472927D0A0C200CE166A /* Info.plist */,
			);
			path = Takkellapati_SearchApp;
			sourceTree = "<group>";
		};
		3FD2473127D0A0C200CE166A /* Takkellapati_SearchAppTests */ = {
			isa = PBXGroup;
			children = (
				3FD2473227D0A0C200CE166A /* Takkellapati_SearchAppTests.swift */,
			);
			path = Takkellapati_SearchAppTests;
			sourceTree = "<group>";
		};
		3FD2473B27D0A0C200CE166A /* Takkellapati_SearchAppUITests */ = {
			isa = PBXGroup;
			children = (
				3FD2473C27D0A0C200CE166A /* Takkellapati_SearchAppUITests.swift */,
				3FD2473E27D0A0C200CE166A /* Takkellapati_SearchAppUITestsLaunchTests.swift */,
			);
			path = Takkellapati_SearchAppUITests;
			sourceTree = "<group>";
		};
/* End PBXGroup section */

/* Begin PBXNativeTarget section */
		3FD2471727D0A0C200CE166A /* Takkellapati_SearchApp */ = {
			isa = PBXNativeTarget;
			buildConfigurationList = 3FD2474227D0A0C200CE166A /* Build configuration list for PBXNativeTarget "Takkellapati_SearchApp" */;
			buildPhases = (
				3FD2471427D0A0C200CE166A /* Sources */,
				3FD2471527D0A0C200CE166A /* Frameworks */,
				3FD2471627D0A0C200CE166A /* Resources */,
			);
			buildRules = (
			);
			dependencies = (
			);
			name = Takkellapati_SearchApp;
			productName = Takkellapati_SearchApp;
			productReference = 3FD2471827D0A0C200CE166A /* Takkellapati_SearchApp.app */;
			productType = "com.apple.product-type.application";
		};
		3FD2472D27D0A0C200CE166A /* Takkellapati_SearchAppTests */ = {
			isa = PBXNativeTarget;
			buildConfigurationList = 3FD2474527D0A0C200CE166A /* Build configuration list for PBXNativeTarget "Takkellapati_SearchAppTests" */;
			buildPhases = (
				3FD2472A27D0A0C200CE166A /* Sources */,
				3FD2472B27D0A0C200CE166A /* Frameworks */,
				3FD2472C27D0A0C200CE166A /* Resources */,
			);
			buildRules = (
			);
			dependencies = (
				3FD2473027D0A0C200CE166A /* PBXTargetDependency */,
			);
			name = Takkellapati_SearchAppTests;
			productName = Takkellapati_SearchAppTests;
			productReference = 3FD2472E27D0A0C200CE166A /* Takkellapati_SearchAppTests.xctest */;
			productType = "com.apple.product-type.bundle.unit-test";
		};
		3FD2473727D0A0C200CE166A /* Takkellapati_SearchAppUITests */ = {
			isa = PBXNativeTarget;
			buildConfigurationList = 3FD2474827D0A0C200CE166A /* Build configuration list for PBXNativeTarget "Takkellapati_SearchAppUITests" */;
			buildPhases = (
				3FD2473427D0A0C200CE166A /* Sources */,
				3FD2473527D0A0C200CE166A /* Frameworks */,
				3FD2473627D0A0C200CE166A /* Resources */,
			);
			buildRules = (
			);
			dependencies = (
				3FD2473A27D0A0C200CE166A /* PBXTargetDependency */,
			);
			name = Takkellapati_SearchAppUITests;
			productName = Takkellapati_SearchAppUITests;
			productReference = 3FD2473827D0A0C200CE166A /* Takkellapati_SearchAppUITests.xctest */;
			productType = "com.apple.product-type.bundle.ui-testing";
		};
/* End PBXNativeTarget section */

/* Begin PBXProject section */
		3FD2471027D0A0C200CE166A /* Project object */ = {
			isa = PBXProject;
			attributes = {
				BuildIndependentTargetsInParallel = 1;
				LastSwiftUpdateCheck = 1310;
				LastUpgradeCheck = 1310;
				TargetAttributes = {
					3FD2471727D0A0C200CE166A = {
						CreatedOnToolsVersion = 13.1;
					};
					3FD2472D27D0A0C200CE166A = {
						CreatedOnToolsVersion = 13.1;
						TestTargetID = 3FD2471727D0A0C200CE166A;
					};
					3FD2473727D0A0C200CE166A = {
						CreatedOnToolsVersion = 13.1;
						TestTargetID = 3FD2471727D0A0C200CE166A;
					};
				};
			};
			buildConfigurationList = 3FD2471327D0A0C200CE166A /* Build configuration list for PBXProject "Takkellapati_SearchApp" */;
			compatibilityVersion = "Xcode 13.0";
			developmentRegion = en;
			hasScannedForEncodings = 0;
			knownRegions = (
				en,
				Base,
			);
			mainGroup = 3FD2470F27D0A0C200CE166A;
			productRefGroup = 3FD2471927D0A0C200CE166A /* Products */;
			projectDirPath = "";
			projectRoot = "";
			targets = (
				3FD2471727D0A0C200CE166A /* Takkellapati_SearchApp */,
				3FD2472D27D0A0C200CE166A /* Takkellapati_SearchAppTests */,
				3FD2473727D0A0C200CE166A /* Takkellapati_SearchAppUITests */,
			);
		};
/* End PBXProject section */

/* Begin PBXResourcesBuildPhase section */
		3FD2471627D0A0C200CE166A /* Resources */ = {
			isa = PBXResourcesBuildPhase;
			buildActionMask = 2147483647;
			files = (
				3FD2472827D0A0C200CE166A /* LaunchScreen.storyboard in Resources */,
				3FD2472527D0A0C200CE166A /* Assets.xcassets in Resources */,
				3FD2472327D0A0C200CE166A /* Main.storyboard in Resources */,
			);
			runOnlyForDeploymentPostprocessing = 0;
		};
		3FD2472C27D0A0C200CE166A /* Resources */ = {
			isa = PBXResourcesBuildPhase;
			buildActionMask = 2147483647;
			files = (
			);
			runOnlyForDeploymentPostprocessing = 0;
		};
		3FD2473627D0A0C200CE166A /* Resources */ = {
			isa = PBXResourcesBuildPhase;
			buildActionMask = 2147483647;
			files = (
			);
			runOnlyForDeploymentPostprocessing = 0;
		};
/* End PBXResourcesBuildPhase section */

/* Begin PBXSourcesBuildPhase section */
		3FD2471427D0A0C200CE166A /* Sources */ = {
			isa = PBXSourcesBuildPhase;
			buildActionMask = 2147483647;
			files = (
				3FD2472027D0A0C200CE166A /* ViewController.swift in Sources */,
				3FD2471C27D0A0C200CE166A /* AppDelegate.swift in Sources */,
				3FD2471E27D0A0C200CE166A /* SceneDelegate.swift in Sources */,
			);
			runOnlyForDeploymentPostprocessing = 0;
		};
		3FD2472A27D0A0C200CE166A /* Sources */ = {
			isa = PBXSourcesBuildPhase;
			buildActionMask = 2147483647;
			files = (
				3FD2473327D0A0C200CE166A /* Takkellapati_SearchAppTests.swift in Sources */,
			);
			runOnlyForDeploymentPostprocessing = 0;
		};
		3FD2473427D0A0C200CE166A /* Sources */ = {
			isa = PBXSourcesBuildPhase;
			buildActionMask = 2147483647;
			files = (
				3FD2473D27D0A0C200CE166A /* Takkellapati_SearchAppUITests.swift in Sources */,
				3FD2473F27D0A0C200CE166A /* Takkellapati_SearchAppUITestsLaunchTests.swift in Sources */,
			);
			runOnlyForDeploymentPostprocessing = 0;
		};
/* End PBXSourcesBuildPhase section */

/* Begin PBXTargetDependency section */
		3FD2473027D0A0C200CE166A /* PBXTargetDependency */ = {
			isa = PBXTargetDependency;
			target = 3FD2471727D0A0C200CE166A /* Takkellapati_SearchApp */;
			targetProxy = 3FD2472F27D0A0C200CE166A /* PBXContainerItemProxy */;
		};
		3FD2473A27D0A0C200CE166A /* PBXTargetDependency */ = {
			isa = PBXTargetDependency;
			target = 3FD2471727D0A0C200CE166A /* Takkellapati_SearchApp */;
			targetProxy = 3FD2473927D0A0C200CE166A /* PBXContainerItemProxy */;
		};
/* End PBXTargetDependency section */

/* Begin PBXVariantGroup section */
		3FD2472127D0A0C200CE166A /* Main.storyboard */ = {
			isa = PBXVariantGroup;
			children = (
				3FD2472227D0A0C200CE166A /* Base */,
			);
			name = Main.storyboard;
			sourceTree = "<group>";
		};
		3FD2472627D0A0C200CE166A /* LaunchScreen.storyboard */ = {
			isa = PBXVariantGroup;
			children = (
				3FD2472727D0A0C200CE166A /* Base */,
			);
			name = LaunchScreen.storyboard;
			sourceTree = "<group>";
		};
/* End PBXVariantGroup section */

/* Begin XCBuildConfiguration section */
		3FD2474027D0A0C200CE166A /* Debug */ = {
			isa = XCBuildConfiguration;
			buildSettings = {
				ALWAYS_SEARCH_USER_PATHS = NO;
				CLANG_ANALYZER_NONNULL = YES;
				CLANG_ANALYZER_NUMBER_OBJECT_CONVERSION = YES_AGGRESSIVE;
				CLANG_CXX_LANGUAGE_STANDARD = "gnu++17";
				CLANG_CXX_LIBRARY = "libc++";
				CLANG_ENABLE_MODULES = YES;
				CLANG_ENABLE_OBJC_ARC = YES;
				CLANG_ENABLE_OBJC_WEAK = YES;
				CLANG_WARN_BLOCK_CAPTURE_AUTORELEASING = YES;
				CLANG_WARN_BOOL_CONVERSION = YES;
				CLANG_WARN_COMMA = YES;
				CLANG_WARN_CONSTANT_CONVERSION = YES;
				CLANG_WARN_DEPRECATED_OBJC_IMPLEMENTATIONS = YES;
				CLANG_WARN_DIRECT_OBJC_ISA_USAGE = YES_ERROR;
				CLANG_WARN_DOCUMENTATION_COMMENTS = YES;
				CLANG_WARN_EMPTY_BODY = YES;
				CLANG_WARN_ENUM_CONVERSION = YES;
				CLANG_WARN_INFINITE_RECURSION = YES;
				CLANG_WARN_INT_CONVERSION = YES;
				CLANG_WARN_NON_LITERAL_NULL_CONVERSION = YES;
				CLANG_WARN_OBJC_IMPLICIT_RETAIN_SELF = YES;
				CLANG_WARN_OBJC_LITERAL_CONVERSION = YES;
				CLANG_WARN_OBJC_ROOT_CLASS = YES_ERROR;
				CLANG_WARN_QUOTED_INCLUDE_IN_FRAMEWORK_HEADER = YES;
				CLANG_WARN_RANGE_LOOP_ANALYSIS = YES;
				CLANG_WARN_STRICT_PROTOTYPES = YES;
				CLANG_WARN_SUSPICIOUS_MOVE = YES;
				CLANG_WARN_UNGUARDED_AVAILABILITY = YES_AGGRESSIVE;
				CLANG_WARN_UNREACHABLE_CODE = YES;
				CLANG_WARN__DUPLICATE_METHOD_MATCH = YES;
				COPY_PHASE_STRIP = NO;
				DEBUG_INFORMATION_FORMAT = dwarf;
				ENABLE_STRICT_OBJC_MSGSEND = YES;
				ENABLE_TESTABILITY = YES;
				GCC_C_LANGUAGE_STANDARD = gnu11;
				GCC_DYNAMIC_NO_PIC = NO;
				GCC_NO_COMMON_BLOCKS = YES;
				GCC_OPTIMIZATION_LEVEL = 0;
				GCC_PREPROCESSOR_DEFINITIONS = (
					"DEBUG=1",
					"$(inherited)",
				);
				GCC_WARN_64_TO_32_BIT_CONVERSION = YES;
				GCC_WARN_ABOUT_RETURN_TYPE = YES_ERROR;
				GCC_WARN_UNDECLARED_SELECTOR = YES;
				GCC_WARN_UNINITIALIZED_AUTOS = YES_AGGRESSIVE;
				GCC_WARN_UNUSED_FUNCTION = YES;
				GCC_WARN_UNUSED_VARIABLE = YES;
				IPHONEOS_DEPLOYMENT_TARGET = 15.0;
				MTL_ENABLE_DEBUG_INFO = INCLUDE_SOURCE;
				MTL_FAST_MATH = YES;
				ONLY_ACTIVE_ARCH = YES;
				SDKROOT = iphoneos;
				SWIFT_ACTIVE_COMPILATION_CONDITIONS = DEBUG;
				SWIFT_OPTIMIZATION_LEVEL = "-Onone";
			};
			name = Debug;
		};
		3FD2474127D0A0C200CE166A /* Release */ = {
			isa = XCBuildConfiguration;
			buildSettings = {
				ALWAYS_SEARCH_USER_PATHS = NO;
				CLANG_ANALYZER_NONNULL = YES;
				CLANG_ANALYZER_NUMBER_OBJECT_CONVERSION = YES_AGGRESSIVE;
				CLANG_CXX_LANGUAGE_STANDARD = "gnu++17";
				CLANG_CXX_LIBRARY = "libc++";
				CLANG_ENABLE_MODULES = YES;
				CLANG_ENABLE_OBJC_ARC = YES;
				CLANG_ENABLE_OBJC_WEAK = YES;
				CLANG_WARN_BLOCK_CAPTURE_AUTORELEASING = YES;
				CLANG_WARN_BOOL_CONVERSION = YES;
				CLANG_WARN_COMMA = YES;
				CLANG_WARN_CONSTANT_CONVERSION = YES;
				CLANG_WARN_DEPRECATED_OBJC_IMPLEMENTATIONS = YES;
				CLANG_WARN_DIRECT_OBJC_ISA_USAGE = YES_ERROR;
				CLANG_WARN_DOCUMENTATION_COMMENTS = YES;
				CLANG_WARN_EMPTY_BODY = YES;
				CLANG_WARN_ENUM_CONVERSION = YES;
				CLANG_WARN_INFINITE_RECURSION = YES;
				CLANG_WARN_INT_CONVERSION = YES;
				CLANG_WARN_NON_LITERAL_NULL_CONVERSION = YES;
				CLANG_WARN_OBJC_IMPLICIT_RETAIN_SELF = YES;
				CLANG_WARN_OBJC_LITERAL_CONVERSION = YES;
				CLANG_WARN_OBJC_ROOT_CLASS = YES_ERROR;
				CLANG_WARN_QUOTED_INCLUDE_IN_FRAMEWORK_HEADER = YES;
				CLANG_WARN_RANGE_LOOP_ANALYSIS = YES;
				CLANG_WARN_STRICT_PROTOTYPES = YES;
				CLANG_WARN_SUSPICIOUS_MOVE = YES;
				CLANG_WARN_UNGUARDED_AVAILABILITY = YES_AGGRESSIVE;
				CLANG_WARN_UNREACHABLE_CODE = YES;
				CLANG_WARN__DUPLICATE_METHOD_MATCH = YES;
				COPY_PHASE_STRIP = NO;
				DEBUG_INFORMATION_FORMAT = "dwarf-with-dsym";
				ENABLE_NS_ASSERTIONS = NO;
				ENABLE_STRICT_OBJC_MSGSEND = YES;
				GCC_C_LANGUAGE_STANDARD = gnu11;
				GCC_NO_COMMON_BLOCKS = YES;
				GCC_WARN_64_TO_32_BIT_CONVERSION = YES;
				GCC_WARN_ABOUT_RETURN_TYPE = YES_ERROR;
				GCC_WARN_UNDECLARED_SELECTOR = YES;
				GCC_WARN_UNINITIALIZED_AUTOS = YES_AGGRESSIVE;
				GCC_WARN_UNUSED_FUNCTION = YES;
				GCC_WARN_UNUSED_VARIABLE = YES;
				IPHONEOS_DEPLOYMENT_TARGET = 15.0;
				MTL_ENABLE_DEBUG_INFO = NO;
				MTL_FAST_MATH = YES;
				SDKROOT = iphoneos;
				SWIFT_COMPILATION_MODE = wholemodule;
				SWIFT_OPTIMIZATION_LEVEL = "-O";
				VALIDATE_PRODUCT = YES;
			};
			name = Release;
		};
		3FD2474327D0A0C200CE166A /* Debug */ = {
			isa = XCBuildConfiguration;
			buildSettings = {
				ASSETCATALOG_COMPILER_APPICON_NAME = AppIcon;
				ASSETCATALOG_COMPILER_GLOBAL_ACCENT_COLOR_NAME = AccentColor;
				CODE_SIGN_STYLE = Automatic;
				CURRENT_PROJECT_VERSION = 1;
				GENERATE_INFOPLIST_FILE = YES;
				INFOPLIST_FILE = Takkellapati_SearchApp/Info.plist;
				INFOPLIST_KEY_CFBundleDisplayName = Takkellapati_SearchApp;
				INFOPLIST_KEY_UIApplicationSupportsIndirectInputEvents = YES;
				INFOPLIST_KEY_UILaunchStoryboardName = LaunchScreen;
				INFOPLIST_KEY_UIMainStoryboardFile = Main;
				INFOPLIST_KEY_UISupportedInterfaceOrientations_iPad = "UIInterfaceOrientationPortrait UIInterfaceOrientationPortraitUpsideDown UIInterfaceOrientationLandscapeLeft UIInterfaceOrientationLandscapeRight";
				INFOPLIST_KEY_UISupportedInterfaceOrientations_iPhone = "UIInterfaceOrientationPortrait UIInterfaceOrientationLandscapeLeft UIInterfaceOrientationLandscapeRight";
				LD_RUNPATH_SEARCH_PATHS = (
					"$(inherited)",
					"@executable_path/Frameworks",
				);
				MARKETING_VERSION = 1.0;
				PRODUCT_BUNDLE_IDENTIFIER = "nwmsu.Takkellapati-SearchApp";
				PRODUCT_NAME = "$(TARGET_NAME)";
				SWIFT_EMIT_LOC_STRINGS = YES;
				SWIFT_VERSION = 5.0;
				TARGETED_DEVICE_FAMILY = "1,2";
			};
			name = Debug;
		};
		3FD2474427D0A0C200CE166A /* Release */ = {
			isa = XCBuildConfiguration;
			buildSettings = {
				ASSETCATALOG_COMPILER_APPICON_NAME = AppIcon;
				ASSETCATALOG_COMPILER_GLOBAL_ACCENT_COLOR_NAME = AccentColor;
				CODE_SIGN_STYLE = Automatic;
				CURRENT_PROJECT_VERSION = 1;
				GENERATE_INFOPLIST_FILE = YES;
				INFOPLIST_FILE = Takkellapati_SearchApp/Info.plist;
				INFOPLIST_KEY_CFBundleDisplayName = Takkellapati_SearchApp;
				INFOPLIST_KEY_UIApplicationSupportsIndirectInputEvents = YES;
				INFOPLIST_KEY_UILaunchStoryboardName = LaunchScreen;
				INFOPLIST_KEY_UIMainStoryboardFile = Main;
				INFOPLIST_KEY_UISupportedInterfaceOrientations_iPad = "UIInterfaceOrientationPortrait UIInterfaceOrientationPortraitUpsideDown UIInterfaceOrientationLandscapeLeft UIInterfaceOrientationLandscapeRight";
				INFOPLIST_KEY_UISupportedInterfaceOrientations_iPhone = "UIInterfaceOrientationPortrait UIInterfaceOrientationLandscapeLeft UIInterfaceOrientationLandscapeRight";
				LD_RUNPATH_SEARCH_PATHS = (
					"$(inherited)",
					"@executable_path/Frameworks",
				);
				MARKETING_VERSION = 1.0;
				PRODUCT_BUNDLE_IDENTIFIER = "nwmsu.Takkellapati-SearchApp";
				PRODUCT_NAME = "$(TARGET_NAME)";
				SWIFT_EMIT_LOC_STRINGS = YES;
				SWIFT_VERSION = 5.0;
				TARGETED_DEVICE_FAMILY = "1,2";
			};
			name = Release;
		};
		3FD2474627D0A0C200CE166A /* Debug */ = {
			isa = XCBuildConfiguration;
			buildSettings = {
				ALWAYS_EMBED_SWIFT_STANDARD_LIBRARIES = YES;
				BUNDLE_LOADER = "$(TEST_HOST)";
				CODE_SIGN_STYLE = Automatic;
				CURRENT_PROJECT_VERSION = 1;
				GENERATE_INFOPLIST_FILE = YES;
				IPHONEOS_DEPLOYMENT_TARGET = 15.0;
				LD_RUNPATH_SEARCH_PATHS = (
					"$(inherited)",
					"@executable_path/Frameworks",
					"@loader_path/Frameworks",
				);
				MARKETING_VERSION = 1.0;
				PRODUCT_BUNDLE_IDENTIFIER = "nwmsu.Takkellapati-SearchAppTests";
				PRODUCT_NAME = "$(TARGET_NAME)";
				SWIFT_EMIT_LOC_STRINGS = NO;
				SWIFT_VERSION = 5.0;
				TARGETED_DEVICE_FAMILY = "1,2";
				TEST_HOST = "$(BUILT_PRODUCTS_DIR)/Takkellapati_SearchApp.app/Takkellapati_SearchApp";
			};
			name = Debug;
		};
		3FD2474727D0A0C200CE166A /* Release */ = {
			isa = XCBuildConfiguration;
			buildSettings = {
				ALWAYS_EMBED_SWIFT_STANDARD_LIBRARIES = YES;
				BUNDLE_LOADER = "$(TEST_HOST)";
				CODE_SIGN_STYLE = Automatic;
				CURRENT_PROJECT_VERSION = 1;
				GENERATE_INFOPLIST_FILE = YES;
				IPHONEOS_DEPLOYMENT_TARGET = 15.0;
				LD_RUNPATH_SEARCH_PATHS = (
					"$(inherited)",
					"@executable_path/Frameworks",
					"@loader_path/Frameworks",
				);
				MARKETING_VERSION = 1.0;
				PRODUCT_BUNDLE_IDENTIFIER = "nwmsu.Takkellapati-SearchAppTests";
				PRODUCT_NAME = "$(TARGET_NAME)";
				SWIFT_EMIT_LOC_STRINGS = NO;
				SWIFT_VERSION = 5.0;
				TARGETED_DEVICE_FAMILY = "1,2";
				TEST_HOST = "$(BUILT_PRODUCTS_DIR)/Takkellapati_SearchApp.app/Takkellapati_SearchApp";
			};
			name = Release;
		};
		3FD2474927D0A0C200CE166A /* Debug */ = {
			isa = XCBuildConfiguration;
			buildSettings = {
				ALWAYS_EMBED_SWIFT_STANDARD_LIBRARIES = YES;
				CODE_SIGN_STYLE = Automatic;
				CURRENT_PROJECT_VERSION = 1;
				GENERATE_INFOPLIST_FILE = YES;
				LD_RUNPATH_SEARCH_PATHS = (
					"$(inherited)",
					"@executable_path/Frameworks",
					"@loader_path/Frameworks",
				);
				MARKETING_VERSION = 1.0;
				PRODUCT_BUNDLE_IDENTIFIER = "nwmsu.Takkellapati-SearchAppUITests";
				PRODUCT_NAME = "$(TARGET_NAME)";
				SWIFT_EMIT_LOC_STRINGS = NO;
				SWIFT_VERSION = 5.0;
				TARGETED_DEVICE_FAMILY = "1,2";
				TEST_TARGET_NAME = Takkellapati_SearchApp;
			};
			name = Debug;
		};
		3FD2474A27D0A0C200CE166A /* Release */ = {
			isa = XCBuildConfiguration;
			buildSettings = {
				ALWAYS_EMBED_SWIFT_STANDARD_LIBRARIES = YES;
				CODE_SIGN_STYLE = Automatic;
				CURRENT_PROJECT_VERSION = 1;
				GENERATE_INFOPLIST_FILE = YES;
				LD_RUNPATH_SEARCH_PATHS = (
					"$(inherited)",
					"@executable_path/Frameworks",
					"@loader_path/Frameworks",
				);
				MARKETING_VERSION = 1.0;
				PRODUCT_BUNDLE_IDENTIFIER = "nwmsu.Takkellapati-SearchAppUITests";
				PRODUCT_NAME = "$(TARGET_NAME)";
				SWIFT_EMIT_LOC_STRINGS = NO;
				SWIFT_VERSION = 5.0;
				TARGETED_DEVICE_FAMILY = "1,2";
				TEST_TARGET_NAME = Takkellapati_SearchApp;
			};
			name = Release;
		};
/* End XCBuildConfiguration section */

/* Begin XCConfigurationList section */
		3FD2471327D0A0C200CE166A /* Build configuration list for PBXProject "Takkellapati_SearchApp" */ = {
			isa = XCConfigurationList;
			buildConfigurations = (
				3FD2474027D0A0C200CE166A /* Debug */,
				3FD2474127D0A0C200CE166A /* Release */,
			);
			defaultConfigurationIsVisible = 0;
			defaultConfigurationName = Release;
		};
		3FD2474227D0A0C200CE166A /* Build configuration list for PBXNativeTarget "Takkellapati_SearchApp" */ = {
			isa = XCConfigurationList;
			buildConfigurations = (
				3FD2474327D0A0C200CE166A /* Debug */,
				3FD2474427D0A0C200CE166A /* Release */,
			);
			defaultConfigurationIsVisible = 0;
			defaultConfigurationName = Release;
		};
		3FD2474527D0A0C200CE166A /* Build configuration list for PBXNativeTarget "Takkellapati_SearchAppTests" */ = {
			isa = XCConfigurationList;
			buildConfigurations = (
				3FD2474627D0A0C200CE166A /* Debug */,
				3FD2474727D0A0C200CE166A /* Release */,
			);
			defaultConfigurationIsVisible = 0;
			defaultConfigurationName = Release;
		};
		3FD2474827D0A0C200CE166A /* Build configuration list for PBXNativeTarget "Takkellapati_SearchAppUITests" */ = {
			isa = XCConfigurationList;
			buildConfigurations = (
				3FD2474927D0A0C200CE166A /* Debug */,
				3FD2474A27D0A0C200CE166A /* Release */,
			);
			defaultConfigurationIsVisible = 0;
			defaultConfigurationName = Release;
		};
/* End XCConfigurationList section */
	};
	rootObject = 3FD2471027D0A0C200CE166A /* Project object */;
}
