// !$*UTF8*$!
{
	archiveVersion = 1;
	classes = {
	};
	objectVersion = 55;
	objects = {

/* Begin PBXBuildFile section */
		35FF95B527FC8F980012224C /* AppDelegate.swift in Sources */ = {isa = PBXBuildFile; fileRef = 35FF95B427FC8F980012224C /* AppDelegate.swift */; };
		35FF95B727FC8F980012224C /* SceneDelegate.swift in Sources */ = {isa = PBXBuildFile; fileRef = 35FF95B627FC8F980012224C /* SceneDelegate.swift */; };
		35FF95B927FC8F980012224C /* GrocerySectionsViewController.swift in Sources */ = {isa = PBXBuildFile; fileRef = 35FF95B827FC8F980012224C /* GrocerySectionsViewController.swift */; };
		35FF95BC27FC8F980012224C /* Main.storyboard in Resources */ = {isa = PBXBuildFile; fileRef = 35FF95BA27FC8F980012224C /* Main.storyboard */; };
		35FF95BE27FC8F990012224C /* Assets.xcassets in Resources */ = {isa = PBXBuildFile; fileRef = 35FF95BD27FC8F990012224C /* Assets.xcassets */; };
		35FF95C127FC8F990012224C /* LaunchScreen.storyboard in Resources */ = {isa = PBXBuildFile; fileRef = 35FF95BF27FC8F990012224C /* LaunchScreen.storyboard */; };
		35FF95CC27FC8F9A0012224C /* Manyam_GroceryAppTests.swift in Sources */ = {isa = PBXBuildFile; fileRef = 35FF95CB27FC8F9A0012224C /* Manyam_GroceryAppTests.swift */; };
		35FF95D627FC8F9A0012224C /* Manyam_GroceryAppUITests.swift in Sources */ = {isa = PBXBuildFile; fileRef = 35FF95D527FC8F9A0012224C /* Manyam_GroceryAppUITests.swift */; };
		35FF95D827FC8F9A0012224C /* Manyam_GroceryAppUITestsLaunchTests.swift in Sources */ = {isa = PBXBuildFile; fileRef = 35FF95D727FC8F9A0012224C /* Manyam_GroceryAppUITestsLaunchTests.swift */; };
		35FF95E527FC91BB0012224C /* GroceryItemsViewController.swift in Sources */ = {isa = PBXBuildFile; fileRef = 35FF95E427FC91BB0012224C /* GroceryItemsViewController.swift */; };
		35FF95E727FC955C0012224C /* ItemInfoViewController.swift in Sources */ = {isa = PBXBuildFile; fileRef = 35FF95E627FC955C0012224C /* ItemInfoViewController.swift */; };
		3F023A6728010DAD003D4FFD /* GrocerySection.swift in Sources */ = {isa = PBXBuildFile; fileRef = 3F023A6628010DAD003D4FFD /* GrocerySection.swift */; };
/* End PBXBuildFile section */

/* Begin PBXContainerItemProxy section */
		35FF95C827FC8F9A0012224C /* PBXContainerItemProxy */ = {
			isa = PBXContainerItemProxy;
			containerPortal = 35FF95A927FC8F980012224C /* Project object */;
			proxyType = 1;
			remoteGlobalIDString = 35FF95B027FC8F980012224C;
			remoteInfo = Manyam_GroceryApp;
		};
		35FF95D227FC8F9A0012224C /* PBXContainerItemProxy */ = {
			isa = PBXContainerItemProxy;
			containerPortal = 35FF95A927FC8F980012224C /* Project object */;
			proxyType = 1;
			remoteGlobalIDString = 35FF95B027FC8F980012224C;
			remoteInfo = Manyam_GroceryApp;
		};
/* End PBXContainerItemProxy section */

/* Begin PBXFileReference section */
		35FF95B127FC8F980012224C /* Manyam_GroceryApp.app */ = {isa = PBXFileReference; explicitFileType = wrapper.application; includeInIndex = 0; path = Manyam_GroceryApp.app; sourceTree = BUILT_PRODUCTS_DIR; };
		35FF95B427FC8F980012224C /* AppDelegate.swift */ = {isa = PBXFileReference; lastKnownFileType = sourcecode.swift; path = AppDelegate.swift; sourceTree = "<group>"; };
		35FF95B627FC8F980012224C /* SceneDelegate.swift */ = {isa = PBXFileReference; lastKnownFileType = sourcecode.swift; path = SceneDelegate.swift; sourceTree = "<group>"; };
		35FF95B827FC8F980012224C /* GrocerySectionsViewController.swift */ = {isa = PBXFileReference; lastKnownFileType = sourcecode.swift; path = GrocerySectionsViewController.swift; sourceTree = "<group>"; };
		35FF95BB27FC8F980012224C /* Base */ = {isa = PBXFileReference; lastKnownFileType = file.storyboard; name = Base; path = Base.lproj/Main.storyboard; sourceTree = "<group>"; };
		35FF95BD27FC8F990012224C /* Assets.xcassets */ = {isa = PBXFileReference; lastKnownFileType = folder.assetcatalog; path = Assets.xcassets; sourceTree = "<group>"; };
		35FF95C027FC8F990012224C /* Base */ = {isa = PBXFileReference; lastKnownFileType = file.storyboard; name = Base; path = Base.lproj/LaunchScreen.storyboard; sourceTree = "<group>"; };
		35FF95C227FC8F990012224C /* Info.plist */ = {isa = PBXFileReference; lastKnownFileType = text.plist.xml; path = Info.plist; sourceTree = "<group>"; };
		35FF95C727FC8F9A0012224C /* Manyam_GroceryAppTests.xctest */ = {isa = PBXFileReference; explicitFileType = wrapper.cfbundle; includeInIndex = 0; path = Manyam_GroceryAppTests.xctest; sourceTree = BUILT_PRODUCTS_DIR; };
		35FF95CB27FC8F9A0012224C /* Manyam_GroceryAppTests.swift */ = {isa = PBXFileReference; lastKnownFileType = sourcecode.swift; path = Manyam_GroceryAppTests.swift; sourceTree = "<group>"; };
		35FF95D127FC8F9A0012224C /* Manyam_GroceryAppUITests.xctest */ = {isa = PBXFileReference; explicitFileType = wrapper.cfbundle; includeInIndex = 0; path = Manyam_GroceryAppUITests.xctest; sourceTree = BUILT_PRODUCTS_DIR; };
		35FF95D527FC8F9A0012224C /* Manyam_GroceryAppUITests.swift */ = {isa = PBXFileReference; lastKnownFileType = sourcecode.swift; path = Manyam_GroceryAppUITests.swift; sourceTree = "<group>"; };
		35FF95D727FC8F9A0012224C /* Manyam_GroceryAppUITestsLaunchTests.swift */ = {isa = PBXFileReference; lastKnownFileType = sourcecode.swift; path = Manyam_GroceryAppUITestsLaunchTests.swift; sourceTree = "<group>"; };
		35FF95E427FC91BB0012224C /* GroceryItemsViewController.swift */ = {isa = PBXFileReference; lastKnownFileType = sourcecode.swift; path = GroceryItemsViewController.swift; sourceTree = "<group>"; };
		35FF95E627FC955C0012224C /* ItemInfoViewController.swift */ = {isa = PBXFileReference; lastKnownFileType = sourcecode.swift; path = ItemInfoViewController.swift; sourceTree = "<group>"; };
		3F023A6628010DAD003D4FFD /* GrocerySection.swift */ = {isa = PBXFileReference; lastKnownFileType = sourcecode.swift; path = GrocerySection.swift; sourceTree = "<group>"; };
/* End PBXFileReference section */

/* Begin PBXFrameworksBuildPhase section */
		35FF95AE27FC8F980012224C /* Frameworks */ = {
			isa = PBXFrameworksBuildPhase;
			buildActionMask = 2147483647;
			files = (
			);
			runOnlyForDeploymentPostprocessing = 0;
		};
		35FF95C427FC8F9A0012224C /* Frameworks */ = {
			isa = PBXFrameworksBuildPhase;
			buildActionMask = 2147483647;
			files = (
			);
			runOnlyForDeploymentPostprocessing = 0;
		};
		35FF95CE27FC8F9A0012224C /* Frameworks */ = {
			isa = PBXFrameworksBuildPhase;
			buildActionMask = 2147483647;
			files = (
			);
			runOnlyForDeploymentPostprocessing = 0;
		};
/* End PBXFrameworksBuildPhase section */

/* Begin PBXGroup section */
		35FF95A827FC8F980012224C = {
			isa = PBXGroup;
			children = (
				35FF95B327FC8F980012224C /* Manyam_GroceryApp */,
				35FF95CA27FC8F9A0012224C /* Manyam_GroceryAppTests */,
				35FF95D427FC8F9A0012224C /* Manyam_GroceryAppUITests */,
				35FF95B227FC8F980012224C /* Products */,
			);
			sourceTree = "<group>";
		};
		35FF95B227FC8F980012224C /* Products */ = {
			isa = PBXGroup;
			children = (
				35FF95B127FC8F980012224C /* Manyam_GroceryApp.app */,
				35FF95C727FC8F9A0012224C /* Manyam_GroceryAppTests.xctest */,
				35FF95D127FC8F9A0012224C /* Manyam_GroceryAppUITests.xctest */,
			);
			name = Products;
			sourceTree = "<group>";
		};
		35FF95B327FC8F980012224C /* Manyam_GroceryApp */ = {
			isa = PBXGroup;
			children = (
				35FF95B427FC8F980012224C /* AppDelegate.swift */,
				35FF95B627FC8F980012224C /* SceneDelegate.swift */,
				35FF95B827FC8F980012224C /* GrocerySectionsViewController.swift */,
				35FF95BA27FC8F980012224C /* Main.storyboard */,
				35FF95BD27FC8F990012224C /* Assets.xcassets */,
				35FF95BF27FC8F990012224C /* LaunchScreen.storyboard */,
				35FF95C227FC8F990012224C /* Info.plist */,
				35FF95E427FC91BB0012224C /* GroceryItemsViewController.swift */,
				35FF95E627FC955C0012224C /* ItemInfoViewController.swift */,
				3F023A6628010DAD003D4FFD /* GrocerySection.swift */,
			);
			path = Manyam_GroceryApp;
			sourceTree = "<group>";
		};
		35FF95CA27FC8F9A0012224C /* Manyam_GroceryAppTests */ = {
			isa = PBXGroup;
			children = (
				35FF95CB27FC8F9A0012224C /* Manyam_GroceryAppTests.swift */,
			);
			path = Manyam_GroceryAppTests;
			sourceTree = "<group>";
		};
		35FF95D427FC8F9A0012224C /* Manyam_GroceryAppUITests */ = {
			isa = PBXGroup;
			children = (
				35FF95D527FC8F9A0012224C /* Manyam_GroceryAppUITests.swift */,
				35FF95D727FC8F9A0012224C /* Manyam_GroceryAppUITestsLaunchTests.swift */,
			);
			path = Manyam_GroceryAppUITests;
			sourceTree = "<group>";
		};
/* End PBXGroup section */

/* Begin PBXNativeTarget section */
		35FF95B027FC8F980012224C /* Manyam_GroceryApp */ = {
			isa = PBXNativeTarget;
			buildConfigurationList = 35FF95DB27FC8F9A0012224C /* Build configuration list for PBXNativeTarget "Manyam_GroceryApp" */;
			buildPhases = (
				35FF95AD27FC8F980012224C /* Sources */,
				35FF95AE27FC8F980012224C /* Frameworks */,
				35FF95AF27FC8F980012224C /* Resources */,
			);
			buildRules = (
			);
			dependencies = (
			);
			name = Manyam_GroceryApp;
			productName = Manyam_GroceryApp;
			productReference = 35FF95B127FC8F980012224C /* Manyam_GroceryApp.app */;
			productType = "com.apple.product-type.application";
		};
		35FF95C627FC8F9A0012224C /* Manyam_GroceryAppTests */ = {
			isa = PBXNativeTarget;
			buildConfigurationList = 35FF95DE27FC8F9A0012224C /* Build configuration list for PBXNativeTarget "Manyam_GroceryAppTests" */;
			buildPhases = (
				35FF95C327FC8F9A0012224C /* Sources */,
				35FF95C427FC8F9A0012224C /* Frameworks */,
				35FF95C527FC8F9A0012224C /* Resources */,
			);
			buildRules = (
			);
			dependencies = (
				35FF95C927FC8F9A0012224C /* PBXTargetDependency */,
			);
			name = Manyam_GroceryAppTests;
			productName = Manyam_GroceryAppTests;
			productReference = 35FF95C727FC8F9A0012224C /* Manyam_GroceryAppTests.xctest */;
			productType = "com.apple.product-type.bundle.unit-test";
		};
		35FF95D027FC8F9A0012224C /* Manyam_GroceryAppUITests */ = {
			isa = PBXNativeTarget;
			buildConfigurationList = 35FF95E127FC8F9A0012224C /* Build configuration list for PBXNativeTarget "Manyam_GroceryAppUITests" */;
			buildPhases = (
				35FF95CD27FC8F9A0012224C /* Sources */,
				35FF95CE27FC8F9A0012224C /* Frameworks */,
				35FF95CF27FC8F9A0012224C /* Resources */,
			);
			buildRules = (
			);
			dependencies = (
				35FF95D327FC8F9A0012224C /* PBXTargetDependency */,
			);
			name = Manyam_GroceryAppUITests;
			productName = Manyam_GroceryAppUITests;
			productReference = 35FF95D127FC8F9A0012224C /* Manyam_GroceryAppUITests.xctest */;
			productType = "com.apple.product-type.bundle.ui-testing";
		};
/* End PBXNativeTarget section */

/* Begin PBXProject section */
		35FF95A927FC8F980012224C /* Project object */ = {
			isa = PBXProject;
			attributes = {
				BuildIndependentTargetsInParallel = 1;
				LastSwiftUpdateCheck = 1320;
				LastUpgradeCheck = 1320;
				TargetAttributes = {
					35FF95B027FC8F980012224C = {
						CreatedOnToolsVersion = 13.2.1;
					};
					35FF95C627FC8F9A0012224C = {
						CreatedOnToolsVersion = 13.2.1;
						TestTargetID = 35FF95B027FC8F980012224C;
					};
					35FF95D027FC8F9A0012224C = {
						CreatedOnToolsVersion = 13.2.1;
						TestTargetID = 35FF95B027FC8F980012224C;
					};
				};
			};
			buildConfigurationList = 35FF95AC27FC8F980012224C /* Build configuration list for PBXProject "Manyam_GroceryApp" */;
			compatibilityVersion = "Xcode 13.0";
			developmentRegion = en;
			hasScannedForEncodings = 0;
			knownRegions = (
				en,
				Base,
			);
			mainGroup = 35FF95A827FC8F980012224C;
			productRefGroup = 35FF95B227FC8F980012224C /* Products */;
			projectDirPath = "";
			projectRoot = "";
			targets = (
				35FF95B027FC8F980012224C /* Manyam_GroceryApp */,
				35FF95C627FC8F9A0012224C /* Manyam_GroceryAppTests */,
				35FF95D027FC8F9A0012224C /* Manyam_GroceryAppUITests */,
			);
		};
/* End PBXProject section */

/* Begin PBXResourcesBuildPhase section */
		35FF95AF27FC8F980012224C /* Resources */ = {
			isa = PBXResourcesBuildPhase;
			buildActionMask = 2147483647;
			files = (
				35FF95C127FC8F990012224C /* LaunchScreen.storyboard in Resources */,
				35FF95BE27FC8F990012224C /* Assets.xcassets in Resources */,
				35FF95BC27FC8F980012224C /* Main.storyboard in Resources */,
			);
			runOnlyForDeploymentPostprocessing = 0;
		};
		35FF95C527FC8F9A0012224C /* Resources */ = {
			isa = PBXResourcesBuildPhase;
			buildActionMask = 2147483647;
			files = (
			);
			runOnlyForDeploymentPostprocessing = 0;
		};
		35FF95CF27FC8F9A0012224C /* Resources */ = {
			isa = PBXResourcesBuildPhase;
			buildActionMask = 2147483647;
			files = (
			);
			runOnlyForDeploymentPostprocessing = 0;
		};
/* End PBXResourcesBuildPhase section */

/* Begin PBXSourcesBuildPhase section */
		35FF95AD27FC8F980012224C /* Sources */ = {
			isa = PBXSourcesBuildPhase;
			buildActionMask = 2147483647;
			files = (
				35FF95B927FC8F980012224C /* GrocerySectionsViewController.swift in Sources */,
				35FF95B527FC8F980012224C /* AppDelegate.swift in Sources */,
				35FF95E527FC91BB0012224C /* GroceryItemsViewController.swift in Sources */,
				3F023A6728010DAD003D4FFD /* GrocerySection.swift in Sources */,
				35FF95E727FC955C0012224C /* ItemInfoViewController.swift in Sources */,
				35FF95B727FC8F980012224C /* SceneDelegate.swift in Sources */,
			);
			runOnlyForDeploymentPostprocessing = 0;
		};
		35FF95C327FC8F9A0012224C /* Sources */ = {
			isa = PBXSourcesBuildPhase;
			buildActionMask = 2147483647;
			files = (
				35FF95CC27FC8F9A0012224C /* Manyam_GroceryAppTests.swift in Sources */,
			);
			runOnlyForDeploymentPostprocessing = 0;
		};
		35FF95CD27FC8F9A0012224C /* Sources */ = {
			isa = PBXSourcesBuildPhase;
			buildActionMask = 2147483647;
			files = (
				35FF95D627FC8F9A0012224C /* Manyam_GroceryAppUITests.swift in Sources */,
				35FF95D827FC8F9A0012224C /* Manyam_GroceryAppUITestsLaunchTests.swift in Sources */,
			);
			runOnlyForDeploymentPostprocessing = 0;
		};
/* End PBXSourcesBuildPhase section */

/* Begin PBXTargetDependency section */
		35FF95C927FC8F9A0012224C /* PBXTargetDependency */ = {
			isa = PBXTargetDependency;
			target = 35FF95B027FC8F980012224C /* Manyam_GroceryApp */;
			targetProxy = 35FF95C827FC8F9A0012224C /* PBXContainerItemProxy */;
		};
		35FF95D327FC8F9A0012224C /* PBXTargetDependency */ = {
			isa = PBXTargetDependency;
			target = 35FF95B027FC8F980012224C /* Manyam_GroceryApp */;
			targetProxy = 35FF95D227FC8F9A0012224C /* PBXContainerItemProxy */;
		};
/* End PBXTargetDependency section */

/* Begin PBXVariantGroup section */
		35FF95BA27FC8F980012224C /* Main.storyboard */ = {
			isa = PBXVariantGroup;
			children = (
				35FF95BB27FC8F980012224C /* Base */,
			);
			name = Main.storyboard;
			sourceTree = "<group>";
		};
		35FF95BF27FC8F990012224C /* LaunchScreen.storyboard */ = {
			isa = PBXVariantGroup;
			children = (
				35FF95C027FC8F990012224C /* Base */,
			);
			name = LaunchScreen.storyboard;
			sourceTree = "<group>";
		};
/* End PBXVariantGroup section */

/* Begin XCBuildConfiguration section */
		35FF95D927FC8F9A0012224C /* Debug */ = {
			isa = XCBuildConfiguration;
			buildSettings = {
				ALWAYS_SEARCH_USER_PATHS = NO;
				CLANG_ANALYZER_NONNULL = YES;
				CLANG_ANALYZER_NUMBER_OBJECT_CONVERSION = YES_AGGRESSIVE;
				CLANG_CXX_LANGUAGE_STANDARD = "gnu++17";
				CLANG_CXX_LIBRARY = "libc++";
				CLANG_ENABLE_MODULES = YES;
				CLANG_ENABLE_OBJC_ARC = YES;
				CLANG_ENABLE_OBJC_WEAK = YES;
				CLANG_WARN_BLOCK_CAPTURE_AUTORELEASING = YES;
				CLANG_WARN_BOOL_CONVERSION = YES;
				CLANG_WARN_COMMA = YES;
				CLANG_WARN_CONSTANT_CONVERSION = YES;
				CLANG_WARN_DEPRECATED_OBJC_IMPLEMENTATIONS = YES;
				CLANG_WARN_DIRECT_OBJC_ISA_USAGE = YES_ERROR;
				CLANG_WARN_DOCUMENTATION_COMMENTS = YES;
				CLANG_WARN_EMPTY_BODY = YES;
				CLANG_WARN_ENUM_CONVERSION = YES;
				CLANG_WARN_INFINITE_RECURSION = YES;
				CLANG_WARN_INT_CONVERSION = YES;
				CLANG_WARN_NON_LITERAL_NULL_CONVERSION = YES;
				CLANG_WARN_OBJC_IMPLICIT_RETAIN_SELF = YES;
				CLANG_WARN_OBJC_LITERAL_CONVERSION = YES;
				CLANG_WARN_OBJC_ROOT_CLASS = YES_ERROR;
				CLANG_WARN_QUOTED_INCLUDE_IN_FRAMEWORK_HEADER = YES;
				CLANG_WARN_RANGE_LOOP_ANALYSIS = YES;
				CLANG_WARN_STRICT_PROTOTYPES = YES;
				CLANG_WARN_SUSPICIOUS_MOVE = YES;
				CLANG_WARN_UNGUARDED_AVAILABILITY = YES_AGGRESSIVE;
				CLANG_WARN_UNREACHABLE_CODE = YES;
				CLANG_WARN__DUPLICATE_METHOD_MATCH = YES;
				COPY_PHASE_STRIP = NO;
				DEBUG_INFORMATION_FORMAT = dwarf;
				ENABLE_STRICT_OBJC_MSGSEND = YES;
				ENABLE_TESTABILITY = YES;
				GCC_C_LANGUAGE_STANDARD = gnu11;
				GCC_DYNAMIC_NO_PIC = NO;
				GCC_NO_COMMON_BLOCKS = YES;
				GCC_OPTIMIZATION_LEVEL = 0;
				GCC_PREPROCESSOR_DEFINITIONS = (
					"DEBUG=1",
					"$(inherited)",
				);
				GCC_WARN_64_TO_32_BIT_CONVERSION = YES;
				GCC_WARN_ABOUT_RETURN_TYPE = YES_ERROR;
				GCC_WARN_UNDECLARED_SELECTOR = YES;
				GCC_WARN_UNINITIALIZED_AUTOS = YES_AGGRESSIVE;
				GCC_WARN_UNUSED_FUNCTION = YES;
				GCC_WARN_UNUSED_VARIABLE = YES;
				IPHONEOS_DEPLOYMENT_TARGET = 15.2;
				MTL_ENABLE_DEBUG_INFO = INCLUDE_SOURCE;
				MTL_FAST_MATH = YES;
				ONLY_ACTIVE_ARCH = YES;
				SDKROOT = iphoneos;
				SWIFT_ACTIVE_COMPILATION_CONDITIONS = DEBUG;
				SWIFT_OPTIMIZATION_LEVEL = "-Onone";
			};
			name = Debug;
		};
		35FF95DA27FC8F9A0012224C /* Release */ = {
			isa = XCBuildConfiguration;
			buildSettings = {
				ALWAYS_SEARCH_USER_PATHS = NO;
				CLANG_ANALYZER_NONNULL = YES;
				CLANG_ANALYZER_NUMBER_OBJECT_CONVERSION = YES_AGGRESSIVE;
				CLANG_CXX_LANGUAGE_STANDARD = "gnu++17";
				CLANG_CXX_LIBRARY = "libc++";
				CLANG_ENABLE_MODULES = YES;
				CLANG_ENABLE_OBJC_ARC = YES;
				CLANG_ENABLE_OBJC_WEAK = YES;
				CLANG_WARN_BLOCK_CAPTURE_AUTORELEASING = YES;
				CLANG_WARN_BOOL_CONVERSION = YES;
				CLANG_WARN_COMMA = YES;
				CLANG_WARN_CONSTANT_CONVERSION = YES;
				CLANG_WARN_DEPRECATED_OBJC_IMPLEMENTATIONS = YES;
				CLANG_WARN_DIRECT_OBJC_ISA_USAGE = YES_ERROR;
				CLANG_WARN_DOCUMENTATION_COMMENTS = YES;
				CLANG_WARN_EMPTY_BODY = YES;
				CLANG_WARN_ENUM_CONVERSION = YES;
				CLANG_WARN_INFINITE_RECURSION = YES;
				CLANG_WARN_INT_CONVERSION = YES;
				CLANG_WARN_NON_LITERAL_NULL_CONVERSION = YES;
				CLANG_WARN_OBJC_IMPLICIT_RETAIN_SELF = YES;
				CLANG_WARN_OBJC_LITERAL_CONVERSION = YES;
				CLANG_WARN_OBJC_ROOT_CLASS = YES_ERROR;
				CLANG_WARN_QUOTED_INCLUDE_IN_FRAMEWORK_HEADER = YES;
				CLANG_WARN_RANGE_LOOP_ANALYSIS = YES;
				CLANG_WARN_STRICT_PROTOTYPES = YES;
				CLANG_WARN_SUSPICIOUS_MOVE = YES;
				CLANG_WARN_UNGUARDED_AVAILABILITY = YES_AGGRESSIVE;
				CLANG_WARN_UNREACHABLE_CODE = YES;
				CLANG_WARN__DUPLICATE_METHOD_MATCH = YES;
				COPY_PHASE_STRIP = NO;
				DEBUG_INFORMATION_FORMAT = "dwarf-with-dsym";
				ENABLE_NS_ASSERTIONS = NO;
				ENABLE_STRICT_OBJC_MSGSEND = YES;
				GCC_C_LANGUAGE_STANDARD = gnu11;
				GCC_NO_COMMON_BLOCKS = YES;
				GCC_WARN_64_TO_32_BIT_CONVERSION = YES;
				GCC_WARN_ABOUT_RETURN_TYPE = YES_ERROR;
				GCC_WARN_UNDECLARED_SELECTOR = YES;
				GCC_WARN_UNINITIALIZED_AUTOS = YES_AGGRESSIVE;
				GCC_WARN_UNUSED_FUNCTION = YES;
				GCC_WARN_UNUSED_VARIABLE = YES;
				IPHONEOS_DEPLOYMENT_TARGET = 15.2;
				MTL_ENABLE_DEBUG_INFO = NO;
				MTL_FAST_MATH = YES;
				SDKROOT = iphoneos;
				SWIFT_COMPILATION_MODE = wholemodule;
				SWIFT_OPTIMIZATION_LEVEL = "-O";
				VALIDATE_PRODUCT = YES;
			};
			name = Release;
		};
		35FF95DC27FC8F9A0012224C /* Debug */ = {
			isa = XCBuildConfiguration;
			buildSettings = {
				ASSETCATALOG_COMPILER_APPICON_NAME = AppIcon;
				ASSETCATALOG_COMPILER_GLOBAL_ACCENT_COLOR_NAME = AccentColor;
				CODE_SIGN_STYLE = Automatic;
				CURRENT_PROJECT_VERSION = 1;
				GENERATE_INFOPLIST_FILE = YES;
				INFOPLIST_FILE = Manyam_GroceryApp/Info.plist;
				INFOPLIST_KEY_CFBundleDisplayName = Manyam_GroceryApp;
				INFOPLIST_KEY_UIApplicationSupportsIndirectInputEvents = YES;
				INFOPLIST_KEY_UILaunchStoryboardName = LaunchScreen;
				INFOPLIST_KEY_UIMainStoryboardFile = Main;
				INFOPLIST_KEY_UISupportedInterfaceOrientations_iPad = "UIInterfaceOrientationPortrait UIInterfaceOrientationPortraitUpsideDown UIInterfaceOrientationLandscapeLeft UIInterfaceOrientationLandscapeRight";
				INFOPLIST_KEY_UISupportedInterfaceOrientations_iPhone = "UIInterfaceOrientationPortrait UIInterfaceOrientationLandscapeLeft UIInterfaceOrientationLandscapeRight";
				LD_RUNPATH_SEARCH_PATHS = (
					"$(inherited)",
					"@executable_path/Frameworks",
				);
				MARKETING_VERSION = 1.0;
				PRODUCT_BUNDLE_IDENTIFIER = "NWMSU.Manyam-GroceryApp";
				PRODUCT_NAME = "$(TARGET_NAME)";
				SWIFT_EMIT_LOC_STRINGS = YES;
				SWIFT_VERSION = 5.0;
				TARGETED_DEVICE_FAMILY = "1,2";
			};
			name = Debug;
		};
		35FF95DD27FC8F9A0012224C /* Release */ = {
			isa = XCBuildConfiguration;
			buildSettings = {
				ASSETCATALOG_COMPILER_APPICON_NAME = AppIcon;
				ASSETCATALOG_COMPILER_GLOBAL_ACCENT_COLOR_NAME = AccentColor;
				CODE_SIGN_STYLE = Automatic;
				CURRENT_PROJECT_VERSION = 1;
				GENERATE_INFOPLIST_FILE = YES;
				INFOPLIST_FILE = Manyam_GroceryApp/Info.plist;
				INFOPLIST_KEY_CFBundleDisplayName = Manyam_GroceryApp;
				INFOPLIST_KEY_UIApplicationSupportsIndirectInputEvents = YES;
				INFOPLIST_KEY_UILaunchStoryboardName = LaunchScreen;
				INFOPLIST_KEY_UIMainStoryboardFile = Main;
				INFOPLIST_KEY_UISupportedInterfaceOrientations_iPad = "UIInterfaceOrientationPortrait UIInterfaceOrientationPortraitUpsideDown UIInterfaceOrientationLandscapeLeft UIInterfaceOrientationLandscapeRight";
				INFOPLIST_KEY_UISupportedInterfaceOrientations_iPhone = "UIInterfaceOrientationPortrait UIInterfaceOrientationLandscapeLeft UIInterfaceOrientationLandscapeRight";
				LD_RUNPATH_SEARCH_PATHS = (
					"$(inherited)",
					"@executable_path/Frameworks",
				);
				MARKETING_VERSION = 1.0;
				PRODUCT_BUNDLE_IDENTIFIER = "NWMSU.Manyam-GroceryApp";
				PRODUCT_NAME = "$(TARGET_NAME)";
				SWIFT_EMIT_LOC_STRINGS = YES;
				SWIFT_VERSION = 5.0;
				TARGETED_DEVICE_FAMILY = "1,2";
			};
			name = Release;
		};
		35FF95DF27FC8F9A0012224C /* Debug */ = {
			isa = XCBuildConfiguration;
			buildSettings = {
				ALWAYS_EMBED_SWIFT_STANDARD_LIBRARIES = YES;
				BUNDLE_LOADER = "$(TEST_HOST)";
				CODE_SIGN_STYLE = Automatic;
				CURRENT_PROJECT_VERSION = 1;
				GENERATE_INFOPLIST_FILE = YES;
				IPHONEOS_DEPLOYMENT_TARGET = 15.2;
				MARKETING_VERSION = 1.0;
				PRODUCT_BUNDLE_IDENTIFIER = "NWMSU.Manyam-GroceryAppTests";
				PRODUCT_NAME = "$(TARGET_NAME)";
				SWIFT_EMIT_LOC_STRINGS = NO;
				SWIFT_VERSION = 5.0;
				TARGETED_DEVICE_FAMILY = "1,2";
				TEST_HOST = "$(BUILT_PRODUCTS_DIR)/Manyam_GroceryApp.app/Manyam_GroceryApp";
			};
			name = Debug;
		};
		35FF95E027FC8F9A0012224C /* Release */ = {
			isa = XCBuildConfiguration;
			buildSettings = {
				ALWAYS_EMBED_SWIFT_STANDARD_LIBRARIES = YES;
				BUNDLE_LOADER = "$(TEST_HOST)";
				CODE_SIGN_STYLE = Automatic;
				CURRENT_PROJECT_VERSION = 1;
				GENERATE_INFOPLIST_FILE = YES;
				IPHONEOS_DEPLOYMENT_TARGET = 15.2;
				MARKETING_VERSION = 1.0;
				PRODUCT_BUNDLE_IDENTIFIER = "NWMSU.Manyam-GroceryAppTests";
				PRODUCT_NAME = "$(TARGET_NAME)";
				SWIFT_EMIT_LOC_STRINGS = NO;
				SWIFT_VERSION = 5.0;
				TARGETED_DEVICE_FAMILY = "1,2";
				TEST_HOST = "$(BUILT_PRODUCTS_DIR)/Manyam_GroceryApp.app/Manyam_GroceryApp";
			};
			name = Release;
		};
		35FF95E227FC8F9A0012224C /* Debug */ = {
			isa = XCBuildConfiguration;
			buildSettings = {
				ALWAYS_EMBED_SWIFT_STANDARD_LIBRARIES = YES;
				CODE_SIGN_STYLE = Automatic;
				CURRENT_PROJECT_VERSION = 1;
				GENERATE_INFOPLIST_FILE = YES;
				MARKETING_VERSION = 1.0;
				PRODUCT_BUNDLE_IDENTIFIER = "NWMSU.Manyam-GroceryAppUITests";
				PRODUCT_NAME = "$(TARGET_NAME)";
				SWIFT_EMIT_LOC_STRINGS = NO;
				SWIFT_VERSION = 5.0;
				TARGETED_DEVICE_FAMILY = "1,2";
				TEST_TARGET_NAME = Manyam_GroceryApp;
			};
			name = Debug;
		};
		35FF95E327FC8F9A0012224C /* Release */ = {
			isa = XCBuildConfiguration;
			buildSettings = {
				ALWAYS_EMBED_SWIFT_STANDARD_LIBRARIES = YES;
				CODE_SIGN_STYLE = Automatic;
				CURRENT_PROJECT_VERSION = 1;
				GENERATE_INFOPLIST_FILE = YES;
				MARKETING_VERSION = 1.0;
				PRODUCT_BUNDLE_IDENTIFIER = "NWMSU.Manyam-GroceryAppUITests";
				PRODUCT_NAME = "$(TARGET_NAME)";
				SWIFT_EMIT_LOC_STRINGS = NO;
				SWIFT_VERSION = 5.0;
				TARGETED_DEVICE_FAMILY = "1,2";
				TEST_TARGET_NAME = Manyam_GroceryApp;
			};
			name = Release;
		};
/* End XCBuildConfiguration section */

/* Begin XCConfigurationList section */
		35FF95AC27FC8F980012224C /* Build configuration list for PBXProject "Manyam_GroceryApp" */ = {
			isa = XCConfigurationList;
			buildConfigurations = (
				35FF95D927FC8F9A0012224C /* Debug */,
				35FF95DA27FC8F9A0012224C /* Release */,
			);
			defaultConfigurationIsVisible = 0;
			defaultConfigurationName = Release;
		};
		35FF95DB27FC8F9A0012224C /* Build configuration list for PBXNativeTarget "Manyam_GroceryApp" */ = {
			isa = XCConfigurationList;
			buildConfigurations = (
				35FF95DC27FC8F9A0012224C /* Debug */,
				35FF95DD27FC8F9A0012224C /* Release */,
			);
			defaultConfigurationIsVisible = 0;
			defaultConfigurationName = Release;
		};
		35FF95DE27FC8F9A0012224C /* Build configuration list for PBXNativeTarget "Manyam_GroceryAppTests" */ = {
			isa = XCConfigurationList;
			buildConfigurations = (
				35FF95DF27FC8F9A0012224C /* Debug */,
				35FF95E027FC8F9A0012224C /* Release */,
			);
			defaultConfigurationIsVisible = 0;
			defaultConfigurationName = Release;
		};
		35FF95E127FC8F9A0012224C /* Build configuration list for PBXNativeTarget "Manyam_GroceryAppUITests" */ = {
			isa = XCConfigurationList;
			buildConfigurations = (
				35FF95E227FC8F9A0012224C /* Debug */,
				35FF95E327FC8F9A0012224C /* Release */,
			);
			defaultConfigurationIsVisible = 0;
			defaultConfigurationName = Release;
		};
/* End XCConfigurationList section */
	};
	rootObject = 35FF95A927FC8F980012224C /* Project object */;
}
