// !$*UTF8*$!
{
	archiveVersion = 1;
	classes = {
	};
	objectVersion = 55;
	objects = {

/* Begin PBXBuildFile section */
		568CA44027CFFB5900F7DA28 /* AppDelegate.swift in Sources */ = {isa = PBXBuildFile; fileRef = 568CA43F27CFFB5900F7DA28 /* AppDelegate.swift */; };
		568CA44227CFFB5900F7DA28 /* SceneDelegate.swift in Sources */ = {isa = PBXBuildFile; fileRef = 568CA44127CFFB5900F7DA28 /* SceneDelegate.swift */; };
		568CA44427CFFB5900F7DA28 /* ViewController.swift in Sources */ = {isa = PBXBuildFile; fileRef = 568CA44327CFFB5900F7DA28 /* ViewController.swift */; };
		568CA44727CFFB5900F7DA28 /* Main.storyboard in Resources */ = {isa = PBXBuildFile; fileRef = 568CA44527CFFB5900F7DA28 /* Main.storyboard */; };
		568CA44927CFFB5A00F7DA28 /* Assets.xcassets in Resources */ = {isa = PBXBuildFile; fileRef = 568CA44827CFFB5A00F7DA28 /* Assets.xcassets */; };
		568CA44C27CFFB5A00F7DA28 /* LaunchScreen.storyboard in Resources */ = {isa = PBXBuildFile; fileRef = 568CA44A27CFFB5A00F7DA28 /* LaunchScreen.storyboard */; };
		568CA45727CFFB5A00F7DA28 /* Maddelavedu_SearchAppTests.swift in Sources */ = {isa = PBXBuildFile; fileRef = 568CA45627CFFB5A00F7DA28 /* Maddelavedu_SearchAppTests.swift */; };
		568CA46127CFFB5A00F7DA28 /* Maddelavedu_SearchAppUITests.swift in Sources */ = {isa = PBXBuildFile; fileRef = 568CA46027CFFB5A00F7DA28 /* Maddelavedu_SearchAppUITests.swift */; };
		568CA46327CFFB5A00F7DA28 /* Maddelavedu_SearchAppUITestsLaunchTests.swift in Sources */ = {isa = PBXBuildFile; fileRef = 568CA46227CFFB5A00F7DA28 /* Maddelavedu_SearchAppUITestsLaunchTests.swift */; };
/* End PBXBuildFile section */

/* Begin PBXContainerItemProxy section */
		568CA45327CFFB5A00F7DA28 /* PBXContainerItemProxy */ = {
			isa = PBXContainerItemProxy;
			containerPortal = 568CA43427CFFB5800F7DA28 /* Project object */;
			proxyType = 1;
			remoteGlobalIDString = 568CA43B27CFFB5800F7DA28;
			remoteInfo = Maddelavedu_SearchApp;
		};
		568CA45D27CFFB5A00F7DA28 /* PBXContainerItemProxy */ = {
			isa = PBXContainerItemProxy;
			containerPortal = 568CA43427CFFB5800F7DA28 /* Project object */;
			proxyType = 1;
			remoteGlobalIDString = 568CA43B27CFFB5800F7DA28;
			remoteInfo = Maddelavedu_SearchApp;
		};
/* End PBXContainerItemProxy section */

/* Begin PBXFileReference section */
		568CA43C27CFFB5800F7DA28 /* Maddelavedu_SearchApp.app */ = {isa = PBXFileReference; explicitFileType = wrapper.application; includeInIndex = 0; path = Maddelavedu_SearchApp.app; sourceTree = BUILT_PRODUCTS_DIR; };
		568CA43F27CFFB5900F7DA28 /* AppDelegate.swift */ = {isa = PBXFileReference; lastKnownFileType = sourcecode.swift; path = AppDelegate.swift; sourceTree = "<group>"; };
		568CA44127CFFB5900F7DA28 /* SceneDelegate.swift */ = {isa = PBXFileReference; lastKnownFileType = sourcecode.swift; path = SceneDelegate.swift; sourceTree = "<group>"; };
		568CA44327CFFB5900F7DA28 /* ViewController.swift */ = {isa = PBXFileReference; lastKnownFileType = sourcecode.swift; path = ViewController.swift; sourceTree = "<group>"; };
		568CA44627CFFB5900F7DA28 /* Base */ = {isa = PBXFileReference; lastKnownFileType = file.storyboard; name = Base; path = Base.lproj/Main.storyboard; sourceTree = "<group>"; };
		568CA44827CFFB5A00F7DA28 /* Assets.xcassets */ = {isa = PBXFileReference; lastKnownFileType = folder.assetcatalog; path = Assets.xcassets; sourceTree = "<group>"; };
		568CA44B27CFFB5A00F7DA28 /* Base */ = {isa = PBXFileReference; lastKnownFileType = file.storyboard; name = Base; path = Base.lproj/LaunchScreen.storyboard; sourceTree = "<group>"; };
		568CA44D27CFFB5A00F7DA28 /* Info.plist */ = {isa = PBXFileReference; lastKnownFileType = text.plist.xml; path = Info.plist; sourceTree = "<group>"; };
		568CA45227CFFB5A00F7DA28 /* Maddelavedu_SearchAppTests.xctest */ = {isa = PBXFileReference; explicitFileType = wrapper.cfbundle; includeInIndex = 0; path = Maddelavedu_SearchAppTests.xctest; sourceTree = BUILT_PRODUCTS_DIR; };
		568CA45627CFFB5A00F7DA28 /* Maddelavedu_SearchAppTests.swift */ = {isa = PBXFileReference; lastKnownFileType = sourcecode.swift; path = Maddelavedu_SearchAppTests.swift; sourceTree = "<group>"; };
		568CA45C27CFFB5A00F7DA28 /* Maddelavedu_SearchAppUITests.xctest */ = {isa = PBXFileReference; explicitFileType = wrapper.cfbundle; includeInIndex = 0; path = Maddelavedu_SearchAppUITests.xctest; sourceTree = BUILT_PRODUCTS_DIR; };
		568CA46027CFFB5A00F7DA28 /* Maddelavedu_SearchAppUITests.swift */ = {isa = PBXFileReference; lastKnownFileType = sourcecode.swift; path = Maddelavedu_SearchAppUITests.swift; sourceTree = "<group>"; };
		568CA46227CFFB5A00F7DA28 /* Maddelavedu_SearchAppUITestsLaunchTests.swift */ = {isa = PBXFileReference; lastKnownFileType = sourcecode.swift; path = Maddelavedu_SearchAppUITestsLaunchTests.swift; sourceTree = "<group>"; };
/* End PBXFileReference section */

/* Begin PBXFrameworksBuildPhase section */
		568CA43927CFFB5800F7DA28 /* Frameworks */ = {
			isa = PBXFrameworksBuildPhase;
			buildActionMask = 2147483647;
			files = (
			);
			runOnlyForDeploymentPostprocessing = 0;
		};
		568CA44F27CFFB5A00F7DA28 /* Frameworks */ = {
			isa = PBXFrameworksBuildPhase;
			buildActionMask = 2147483647;
			files = (
			);
			runOnlyForDeploymentPostprocessing = 0;
		};
		568CA45927CFFB5A00F7DA28 /* Frameworks */ = {
			isa = PBXFrameworksBuildPhase;
			buildActionMask = 2147483647;
			files = (
			);
			runOnlyForDeploymentPostprocessing = 0;
		};
/* End PBXFrameworksBuildPhase section */

/* Begin PBXGroup section */
		568CA43327CFFB5800F7DA28 = {
			isa = PBXGroup;
			children = (
				568CA43E27CFFB5800F7DA28 /* Maddelavedu_SearchApp */,
				568CA45527CFFB5A00F7DA28 /* Maddelavedu_SearchAppTests */,
				568CA45F27CFFB5A00F7DA28 /* Maddelavedu_SearchAppUITests */,
				568CA43D27CFFB5800F7DA28 /* Products */,
			);
			sourceTree = "<group>";
		};
		568CA43D27CFFB5800F7DA28 /* Products */ = {
			isa = PBXGroup;
			children = (
				568CA43C27CFFB5800F7DA28 /* Maddelavedu_SearchApp.app */,
				568CA45227CFFB5A00F7DA28 /* Maddelavedu_SearchAppTests.xctest */,
				568CA45C27CFFB5A00F7DA28 /* Maddelavedu_SearchAppUITests.xctest */,
			);
			name = Products;
			sourceTree = "<group>";
		};
		568CA43E27CFFB5800F7DA28 /* Maddelavedu_SearchApp */ = {
			isa = PBXGroup;
			children = (
				568CA43F27CFFB5900F7DA28 /* AppDelegate.swift */,
				568CA44127CFFB5900F7DA28 /* SceneDelegate.swift */,
				568CA44327CFFB5900F7DA28 /* ViewController.swift */,
				568CA44527CFFB5900F7DA28 /* Main.storyboard */,
				568CA44827CFFB5A00F7DA28 /* Assets.xcassets */,
				568CA44A27CFFB5A00F7DA28 /* LaunchScreen.storyboard */,
				568CA44D27CFFB5A00F7DA28 /* Info.plist */,
			);
			path = Maddelavedu_SearchApp;
			sourceTree = "<group>";
		};
		568CA45527CFFB5A00F7DA28 /* Maddelavedu_SearchAppTests */ = {
			isa = PBXGroup;
			children = (
				568CA45627CFFB5A00F7DA28 /* Maddelavedu_SearchAppTests.swift */,
			);
			path = Maddelavedu_SearchAppTests;
			sourceTree = "<group>";
		};
		568CA45F27CFFB5A00F7DA28 /* Maddelavedu_SearchAppUITests */ = {
			isa = PBXGroup;
			children = (
				568CA46027CFFB5A00F7DA28 /* Maddelavedu_SearchAppUITests.swift */,
				568CA46227CFFB5A00F7DA28 /* Maddelavedu_SearchAppUITestsLaunchTests.swift */,
			);
			path = Maddelavedu_SearchAppUITests;
			sourceTree = "<group>";
		};
/* End PBXGroup section */

/* Begin PBXNativeTarget section */
		568CA43B27CFFB5800F7DA28 /* Maddelavedu_SearchApp */ = {
			isa = PBXNativeTarget;
			buildConfigurationList = 568CA46627CFFB5A00F7DA28 /* Build configuration list for PBXNativeTarget "Maddelavedu_SearchApp" */;
			buildPhases = (
				568CA43827CFFB5800F7DA28 /* Sources */,
				568CA43927CFFB5800F7DA28 /* Frameworks */,
				568CA43A27CFFB5800F7DA28 /* Resources */,
			);
			buildRules = (
			);
			dependencies = (
			);
			name = Maddelavedu_SearchApp;
			productName = Maddelavedu_SearchApp;
			productReference = 568CA43C27CFFB5800F7DA28 /* Maddelavedu_SearchApp.app */;
			productType = "com.apple.product-type.application";
		};
		568CA45127CFFB5A00F7DA28 /* Maddelavedu_SearchAppTests */ = {
			isa = PBXNativeTarget;
			buildConfigurationList = 568CA46927CFFB5A00F7DA28 /* Build configuration list for PBXNativeTarget "Maddelavedu_SearchAppTests" */;
			buildPhases = (
				568CA44E27CFFB5A00F7DA28 /* Sources */,
				568CA44F27CFFB5A00F7DA28 /* Frameworks */,
				568CA45027CFFB5A00F7DA28 /* Resources */,
			);
			buildRules = (
			);
			dependencies = (
				568CA45427CFFB5A00F7DA28 /* PBXTargetDependency */,
			);
			name = Maddelavedu_SearchAppTests;
			productName = Maddelavedu_SearchAppTests;
			productReference = 568CA45227CFFB5A00F7DA28 /* Maddelavedu_SearchAppTests.xctest */;
			productType = "com.apple.product-type.bundle.unit-test";
		};
		568CA45B27CFFB5A00F7DA28 /* Maddelavedu_SearchAppUITests */ = {
			isa = PBXNativeTarget;
			buildConfigurationList = 568CA46C27CFFB5A00F7DA28 /* Build configuration list for PBXNativeTarget "Maddelavedu_SearchAppUITests" */;
			buildPhases = (
				568CA45827CFFB5A00F7DA28 /* Sources */,
				568CA45927CFFB5A00F7DA28 /* Frameworks */,
				568CA45A27CFFB5A00F7DA28 /* Resources */,
			);
			buildRules = (
			);
			dependencies = (
				568CA45E27CFFB5A00F7DA28 /* PBXTargetDependency */,
			);
			name = Maddelavedu_SearchAppUITests;
			productName = Maddelavedu_SearchAppUITests;
			productReference = 568CA45C27CFFB5A00F7DA28 /* Maddelavedu_SearchAppUITests.xctest */;
			productType = "com.apple.product-type.bundle.ui-testing";
		};
/* End PBXNativeTarget section */

/* Begin PBXProject section */
		568CA43427CFFB5800F7DA28 /* Project object */ = {
			isa = PBXProject;
			attributes = {
				BuildIndependentTargetsInParallel = 1;
				LastSwiftUpdateCheck = 1320;
				LastUpgradeCheck = 1320;
				TargetAttributes = {
					568CA43B27CFFB5800F7DA28 = {
						CreatedOnToolsVersion = 13.2.1;
					};
					568CA45127CFFB5A00F7DA28 = {
						CreatedOnToolsVersion = 13.2.1;
						TestTargetID = 568CA43B27CFFB5800F7DA28;
					};
					568CA45B27CFFB5A00F7DA28 = {
						CreatedOnToolsVersion = 13.2.1;
						TestTargetID = 568CA43B27CFFB5800F7DA28;
					};
				};
			};
			buildConfigurationList = 568CA43727CFFB5800F7DA28 /* Build configuration list for PBXProject "Maddelavedu_SearchApp" */;
			compatibilityVersion = "Xcode 13.0";
			developmentRegion = en;
			hasScannedForEncodings = 0;
			knownRegions = (
				en,
				Base,
			);
			mainGroup = 568CA43327CFFB5800F7DA28;
			productRefGroup = 568CA43D27CFFB5800F7DA28 /* Products */;
			projectDirPath = "";
			projectRoot = "";
			targets = (
				568CA43B27CFFB5800F7DA28 /* Maddelavedu_SearchApp */,
				568CA45127CFFB5A00F7DA28 /* Maddelavedu_SearchAppTests */,
				568CA45B27CFFB5A00F7DA28 /* Maddelavedu_SearchAppUITests */,
			);
		};
/* End PBXProject section */

/* Begin PBXResourcesBuildPhase section */
		568CA43A27CFFB5800F7DA28 /* Resources */ = {
			isa = PBXResourcesBuildPhase;
			buildActionMask = 2147483647;
			files = (
				568CA44C27CFFB5A00F7DA28 /* LaunchScreen.storyboard in Resources */,
				568CA44927CFFB5A00F7DA28 /* Assets.xcassets in Resources */,
				568CA44727CFFB5900F7DA28 /* Main.storyboard in Resources */,
			);
			runOnlyForDeploymentPostprocessing = 0;
		};
		568CA45027CFFB5A00F7DA28 /* Resources */ = {
			isa = PBXResourcesBuildPhase;
			buildActionMask = 2147483647;
			files = (
			);
			runOnlyForDeploymentPostprocessing = 0;
		};
		568CA45A27CFFB5A00F7DA28 /* Resources */ = {
			isa = PBXResourcesBuildPhase;
			buildActionMask = 2147483647;
			files = (
			);
			runOnlyForDeploymentPostprocessing = 0;
		};
/* End PBXResourcesBuildPhase section */

/* Begin PBXSourcesBuildPhase section */
		568CA43827CFFB5800F7DA28 /* Sources */ = {
			isa = PBXSourcesBuildPhase;
			buildActionMask = 2147483647;
			files = (
				568CA44427CFFB5900F7DA28 /* ViewController.swift in Sources */,
				568CA44027CFFB5900F7DA28 /* AppDelegate.swift in Sources */,
				568CA44227CFFB5900F7DA28 /* SceneDelegate.swift in Sources */,
			);
			runOnlyForDeploymentPostprocessing = 0;
		};
		568CA44E27CFFB5A00F7DA28 /* Sources */ = {
			isa = PBXSourcesBuildPhase;
			buildActionMask = 2147483647;
			files = (
				568CA45727CFFB5A00F7DA28 /* Maddelavedu_SearchAppTests.swift in Sources */,
			);
			runOnlyForDeploymentPostprocessing = 0;
		};
		568CA45827CFFB5A00F7DA28 /* Sources */ = {
			isa = PBXSourcesBuildPhase;
			buildActionMask = 2147483647;
			files = (
				568CA46127CFFB5A00F7DA28 /* Maddelavedu_SearchAppUITests.swift in Sources */,
				568CA46327CFFB5A00F7DA28 /* Maddelavedu_SearchAppUITestsLaunchTests.swift in Sources */,
			);
			runOnlyForDeploymentPostprocessing = 0;
		};
/* End PBXSourcesBuildPhase section */

/* Begin PBXTargetDependency section */
		568CA45427CFFB5A00F7DA28 /* PBXTargetDependency */ = {
			isa = PBXTargetDependency;
			target = 568CA43B27CFFB5800F7DA28 /* Maddelavedu_SearchApp */;
			targetProxy = 568CA45327CFFB5A00F7DA28 /* PBXContainerItemProxy */;
		};
		568CA45E27CFFB5A00F7DA28 /* PBXTargetDependency */ = {
			isa = PBXTargetDependency;
			target = 568CA43B27CFFB5800F7DA28 /* Maddelavedu_SearchApp */;
			targetProxy = 568CA45D27CFFB5A00F7DA28 /* PBXContainerItemProxy */;
		};
/* End PBXTargetDependency section */

/* Begin PBXVariantGroup section */
		568CA44527CFFB5900F7DA28 /* Main.storyboard */ = {
			isa = PBXVariantGroup;
			children = (
				568CA44627CFFB5900F7DA28 /* Base */,
			);
			name = Main.storyboard;
			sourceTree = "<group>";
		};
		568CA44A27CFFB5A00F7DA28 /* LaunchScreen.storyboard */ = {
			isa = PBXVariantGroup;
			children = (
				568CA44B27CFFB5A00F7DA28 /* Base */,
			);
			name = LaunchScreen.storyboard;
			sourceTree = "<group>";
		};
/* End PBXVariantGroup section */

/* Begin XCBuildConfiguration section */
		568CA46427CFFB5A00F7DA28 /* Debug */ = {
			isa = XCBuildConfiguration;
			buildSettings = {
				ALWAYS_SEARCH_USER_PATHS = NO;
				CLANG_ANALYZER_NONNULL = YES;
				CLANG_ANALYZER_NUMBER_OBJECT_CONVERSION = YES_AGGRESSIVE;
				CLANG_CXX_LANGUAGE_STANDARD = "gnu++17";
				CLANG_CXX_LIBRARY = "libc++";
				CLANG_ENABLE_MODULES = YES;
				CLANG_ENABLE_OBJC_ARC = YES;
				CLANG_ENABLE_OBJC_WEAK = YES;
				CLANG_WARN_BLOCK_CAPTURE_AUTORELEASING = YES;
				CLANG_WARN_BOOL_CONVERSION = YES;
				CLANG_WARN_COMMA = YES;
				CLANG_WARN_CONSTANT_CONVERSION = YES;
				CLANG_WARN_DEPRECATED_OBJC_IMPLEMENTATIONS = YES;
				CLANG_WARN_DIRECT_OBJC_ISA_USAGE = YES_ERROR;
				CLANG_WARN_DOCUMENTATION_COMMENTS = YES;
				CLANG_WARN_EMPTY_BODY = YES;
				CLANG_WARN_ENUM_CONVERSION = YES;
				CLANG_WARN_INFINITE_RECURSION = YES;
				CLANG_WARN_INT_CONVERSION = YES;
				CLANG_WARN_NON_LITERAL_NULL_CONVERSION = YES;
				CLANG_WARN_OBJC_IMPLICIT_RETAIN_SELF = YES;
				CLANG_WARN_OBJC_LITERAL_CONVERSION = YES;
				CLANG_WARN_OBJC_ROOT_CLASS = YES_ERROR;
				CLANG_WARN_QUOTED_INCLUDE_IN_FRAMEWORK_HEADER = YES;
				CLANG_WARN_RANGE_LOOP_ANALYSIS = YES;
				CLANG_WARN_STRICT_PROTOTYPES = YES;
				CLANG_WARN_SUSPICIOUS_MOVE = YES;
				CLANG_WARN_UNGUARDED_AVAILABILITY = YES_AGGRESSIVE;
				CLANG_WARN_UNREACHABLE_CODE = YES;
				CLANG_WARN__DUPLICATE_METHOD_MATCH = YES;
				COPY_PHASE_STRIP = NO;
				DEBUG_INFORMATION_FORMAT = dwarf;
				ENABLE_STRICT_OBJC_MSGSEND = YES;
				ENABLE_TESTABILITY = YES;
				GCC_C_LANGUAGE_STANDARD = gnu11;
				GCC_DYNAMIC_NO_PIC = NO;
				GCC_NO_COMMON_BLOCKS = YES;
				GCC_OPTIMIZATION_LEVEL = 0;
				GCC_PREPROCESSOR_DEFINITIONS = (
					"DEBUG=1",
					"$(inherited)",
				);
				GCC_WARN_64_TO_32_BIT_CONVERSION = YES;
				GCC_WARN_ABOUT_RETURN_TYPE = YES_ERROR;
				GCC_WARN_UNDECLARED_SELECTOR = YES;
				GCC_WARN_UNINITIALIZED_AUTOS = YES_AGGRESSIVE;
				GCC_WARN_UNUSED_FUNCTION = YES;
				GCC_WARN_UNUSED_VARIABLE = YES;
				IPHONEOS_DEPLOYMENT_TARGET = 15.2;
				MTL_ENABLE_DEBUG_INFO = INCLUDE_SOURCE;
				MTL_FAST_MATH = YES;
				ONLY_ACTIVE_ARCH = YES;
				SDKROOT = iphoneos;
				SWIFT_ACTIVE_COMPILATION_CONDITIONS = DEBUG;
				SWIFT_OPTIMIZATION_LEVEL = "-Onone";
			};
			name = Debug;
		};
		568CA46527CFFB5A00F7DA28 /* Release */ = {
			isa = XCBuildConfiguration;
			buildSettings = {
				ALWAYS_SEARCH_USER_PATHS = NO;
				CLANG_ANALYZER_NONNULL = YES;
				CLANG_ANALYZER_NUMBER_OBJECT_CONVERSION = YES_AGGRESSIVE;
				CLANG_CXX_LANGUAGE_STANDARD = "gnu++17";
				CLANG_CXX_LIBRARY = "libc++";
				CLANG_ENABLE_MODULES = YES;
				CLANG_ENABLE_OBJC_ARC = YES;
				CLANG_ENABLE_OBJC_WEAK = YES;
				CLANG_WARN_BLOCK_CAPTURE_AUTORELEASING = YES;
				CLANG_WARN_BOOL_CONVERSION = YES;
				CLANG_WARN_COMMA = YES;
				CLANG_WARN_CONSTANT_CONVERSION = YES;
				CLANG_WARN_DEPRECATED_OBJC_IMPLEMENTATIONS = YES;
				CLANG_WARN_DIRECT_OBJC_ISA_USAGE = YES_ERROR;
				CLANG_WARN_DOCUMENTATION_COMMENTS = YES;
				CLANG_WARN_EMPTY_BODY = YES;
				CLANG_WARN_ENUM_CONVERSION = YES;
				CLANG_WARN_INFINITE_RECURSION = YES;
				CLANG_WARN_INT_CONVERSION = YES;
				CLANG_WARN_NON_LITERAL_NULL_CONVERSION = YES;
				CLANG_WARN_OBJC_IMPLICIT_RETAIN_SELF = YES;
				CLANG_WARN_OBJC_LITERAL_CONVERSION = YES;
				CLANG_WARN_OBJC_ROOT_CLASS = YES_ERROR;
				CLANG_WARN_QUOTED_INCLUDE_IN_FRAMEWORK_HEADER = YES;
				CLANG_WARN_RANGE_LOOP_ANALYSIS = YES;
				CLANG_WARN_STRICT_PROTOTYPES = YES;
				CLANG_WARN_SUSPICIOUS_MOVE = YES;
				CLANG_WARN_UNGUARDED_AVAILABILITY = YES_AGGRESSIVE;
				CLANG_WARN_UNREACHABLE_CODE = YES;
				CLANG_WARN__DUPLICATE_METHOD_MATCH = YES;
				COPY_PHASE_STRIP = NO;
				DEBUG_INFORMATION_FORMAT = "dwarf-with-dsym";
				ENABLE_NS_ASSERTIONS = NO;
				ENABLE_STRICT_OBJC_MSGSEND = YES;
				GCC_C_LANGUAGE_STANDARD = gnu11;
				GCC_NO_COMMON_BLOCKS = YES;
				GCC_WARN_64_TO_32_BIT_CONVERSION = YES;
				GCC_WARN_ABOUT_RETURN_TYPE = YES_ERROR;
				GCC_WARN_UNDECLARED_SELECTOR = YES;
				GCC_WARN_UNINITIALIZED_AUTOS = YES_AGGRESSIVE;
				GCC_WARN_UNUSED_FUNCTION = YES;
				GCC_WARN_UNUSED_VARIABLE = YES;
				IPHONEOS_DEPLOYMENT_TARGET = 15.2;
				MTL_ENABLE_DEBUG_INFO = NO;
				MTL_FAST_MATH = YES;
				SDKROOT = iphoneos;
				SWIFT_COMPILATION_MODE = wholemodule;
				SWIFT_OPTIMIZATION_LEVEL = "-O";
				VALIDATE_PRODUCT = YES;
			};
			name = Release;
		};
		568CA46727CFFB5A00F7DA28 /* Debug */ = {
			isa = XCBuildConfiguration;
			buildSettings = {
				ASSETCATALOG_COMPILER_APPICON_NAME = AppIcon;
				ASSETCATALOG_COMPILER_GLOBAL_ACCENT_COLOR_NAME = AccentColor;
				CODE_SIGN_STYLE = Automatic;
				CURRENT_PROJECT_VERSION = 1;
				GENERATE_INFOPLIST_FILE = YES;
				INFOPLIST_FILE = Maddelavedu_SearchApp/Info.plist;
				INFOPLIST_KEY_UIApplicationSupportsIndirectInputEvents = YES;
				INFOPLIST_KEY_UILaunchStoryboardName = LaunchScreen;
				INFOPLIST_KEY_UIMainStoryboardFile = Main;
				INFOPLIST_KEY_UISupportedInterfaceOrientations_iPad = "UIInterfaceOrientationPortrait UIInterfaceOrientationPortraitUpsideDown UIInterfaceOrientationLandscapeLeft UIInterfaceOrientationLandscapeRight";
				INFOPLIST_KEY_UISupportedInterfaceOrientations_iPhone = "UIInterfaceOrientationPortrait UIInterfaceOrientationLandscapeLeft UIInterfaceOrientationLandscapeRight";
				LD_RUNPATH_SEARCH_PATHS = (
					"$(inherited)",
					"@executable_path/Frameworks",
				);
				MARKETING_VERSION = 1.0;
				PRODUCT_BUNDLE_IDENTIFIER = "nwmsu.Maddelavedu-SearchApp";
				PRODUCT_NAME = "$(TARGET_NAME)";
				SWIFT_EMIT_LOC_STRINGS = YES;
				SWIFT_VERSION = 5.0;
				TARGETED_DEVICE_FAMILY = "1,2";
			};
			name = Debug;
		};
		568CA46827CFFB5A00F7DA28 /* Release */ = {
			isa = XCBuildConfiguration;
			buildSettings = {
				ASSETCATALOG_COMPILER_APPICON_NAME = AppIcon;
				ASSETCATALOG_COMPILER_GLOBAL_ACCENT_COLOR_NAME = AccentColor;
				CODE_SIGN_STYLE = Automatic;
				CURRENT_PROJECT_VERSION = 1;
				GENERATE_INFOPLIST_FILE = YES;
				INFOPLIST_FILE = Maddelavedu_SearchApp/Info.plist;
				INFOPLIST_KEY_UIApplicationSupportsIndirectInputEvents = YES;
				INFOPLIST_KEY_UILaunchStoryboardName = LaunchScreen;
				INFOPLIST_KEY_UIMainStoryboardFile = Main;
				INFOPLIST_KEY_UISupportedInterfaceOrientations_iPad = "UIInterfaceOrientationPortrait UIInterfaceOrientationPortraitUpsideDown UIInterfaceOrientationLandscapeLeft UIInterfaceOrientationLandscapeRight";
				INFOPLIST_KEY_UISupportedInterfaceOrientations_iPhone = "UIInterfaceOrientationPortrait UIInterfaceOrientationLandscapeLeft UIInterfaceOrientationLandscapeRight";
				LD_RUNPATH_SEARCH_PATHS = (
					"$(inherited)",
					"@executable_path/Frameworks",
				);
				MARKETING_VERSION = 1.0;
				PRODUCT_BUNDLE_IDENTIFIER = "nwmsu.Maddelavedu-SearchApp";
				PRODUCT_NAME = "$(TARGET_NAME)";
				SWIFT_EMIT_LOC_STRINGS = YES;
				SWIFT_VERSION = 5.0;
				TARGETED_DEVICE_FAMILY = "1,2";
			};
			name = Release;
		};
		568CA46A27CFFB5A00F7DA28 /* Debug */ = {
			isa = XCBuildConfiguration;
			buildSettings = {
				ALWAYS_EMBED_SWIFT_STANDARD_LIBRARIES = YES;
				BUNDLE_LOADER = "$(TEST_HOST)";
				CODE_SIGN_STYLE = Automatic;
				CURRENT_PROJECT_VERSION = 1;
				GENERATE_INFOPLIST_FILE = YES;
				IPHONEOS_DEPLOYMENT_TARGET = 15.2;
				MARKETING_VERSION = 1.0;
				PRODUCT_BUNDLE_IDENTIFIER = "nwmsu.Maddelavedu-SearchAppTests";
				PRODUCT_NAME = "$(TARGET_NAME)";
				SWIFT_EMIT_LOC_STRINGS = NO;
				SWIFT_VERSION = 5.0;
				TARGETED_DEVICE_FAMILY = "1,2";
				TEST_HOST = "$(BUILT_PRODUCTS_DIR)/Maddelavedu_SearchApp.app/Maddelavedu_SearchApp";
			};
			name = Debug;
		};
		568CA46B27CFFB5A00F7DA28 /* Release */ = {
			isa = XCBuildConfiguration;
			buildSettings = {
				ALWAYS_EMBED_SWIFT_STANDARD_LIBRARIES = YES;
				BUNDLE_LOADER = "$(TEST_HOST)";
				CODE_SIGN_STYLE = Automatic;
				CURRENT_PROJECT_VERSION = 1;
				GENERATE_INFOPLIST_FILE = YES;
				IPHONEOS_DEPLOYMENT_TARGET = 15.2;
				MARKETING_VERSION = 1.0;
				PRODUCT_BUNDLE_IDENTIFIER = "nwmsu.Maddelavedu-SearchAppTests";
				PRODUCT_NAME = "$(TARGET_NAME)";
				SWIFT_EMIT_LOC_STRINGS = NO;
				SWIFT_VERSION = 5.0;
				TARGETED_DEVICE_FAMILY = "1,2";
				TEST_HOST = "$(BUILT_PRODUCTS_DIR)/Maddelavedu_SearchApp.app/Maddelavedu_SearchApp";
			};
			name = Release;
		};
		568CA46D27CFFB5A00F7DA28 /* Debug */ = {
			isa = XCBuildConfiguration;
			buildSettings = {
				ALWAYS_EMBED_SWIFT_STANDARD_LIBRARIES = YES;
				CODE_SIGN_STYLE = Automatic;
				CURRENT_PROJECT_VERSION = 1;
				GENERATE_INFOPLIST_FILE = YES;
				MARKETING_VERSION = 1.0;
				PRODUCT_BUNDLE_IDENTIFIER = "nwmsu.Maddelavedu-SearchAppUITests";
				PRODUCT_NAME = "$(TARGET_NAME)";
				SWIFT_EMIT_LOC_STRINGS = NO;
				SWIFT_VERSION = 5.0;
				TARGETED_DEVICE_FAMILY = "1,2";
				TEST_TARGET_NAME = Maddelavedu_SearchApp;
			};
			name = Debug;
		};
		568CA46E27CFFB5A00F7DA28 /* Release */ = {
			isa = XCBuildConfiguration;
			buildSettings = {
				ALWAYS_EMBED_SWIFT_STANDARD_LIBRARIES = YES;
				CODE_SIGN_STYLE = Automatic;
				CURRENT_PROJECT_VERSION = 1;
				GENERATE_INFOPLIST_FILE = YES;
				MARKETING_VERSION = 1.0;
				PRODUCT_BUNDLE_IDENTIFIER = "nwmsu.Maddelavedu-SearchAppUITests";
				PRODUCT_NAME = "$(TARGET_NAME)";
				SWIFT_EMIT_LOC_STRINGS = NO;
				SWIFT_VERSION = 5.0;
				TARGETED_DEVICE_FAMILY = "1,2";
				TEST_TARGET_NAME = Maddelavedu_SearchApp;
			};
			name = Release;
		};
/* End XCBuildConfiguration section */

/* Begin XCConfigurationList section */
		568CA43727CFFB5800F7DA28 /* Build configuration list for PBXProject "Maddelavedu_SearchApp" */ = {
			isa = XCConfigurationList;
			buildConfigurations = (
				568CA46427CFFB5A00F7DA28 /* Debug */,
				568CA46527CFFB5A00F7DA28 /* Release */,
			);
			defaultConfigurationIsVisible = 0;
			defaultConfigurationName = Release;
		};
		568CA46627CFFB5A00F7DA28 /* Build configuration list for PBXNativeTarget "Maddelavedu_SearchApp" */ = {
			isa = XCConfigurationList;
			buildConfigurations = (
				568CA46727CFFB5A00F7DA28 /* Debug */,
				568CA46827CFFB5A00F7DA28 /* Release */,
			);
			defaultConfigurationIsVisible = 0;
			defaultConfigurationName = Release;
		};
		568CA46927CFFB5A00F7DA28 /* Build configuration list for PBXNativeTarget "Maddelavedu_SearchAppTests" */ = {
			isa = XCConfigurationList;
			buildConfigurations = (
				568CA46A27CFFB5A00F7DA28 /* Debug */,
				568CA46B27CFFB5A00F7DA28 /* Release */,
			);
			defaultConfigurationIsVisible = 0;
			defaultConfigurationName = Release;
		};
		568CA46C27CFFB5A00F7DA28 /* Build configuration list for PBXNativeTarget "Maddelavedu_SearchAppUITests" */ = {
			isa = XCConfigurationList;
			buildConfigurations = (
				568CA46D27CFFB5A00F7DA28 /* Debug */,
				568CA46E27CFFB5A00F7DA28 /* Release */,
			);
			defaultConfigurationIsVisible = 0;
			defaultConfigurationName = Release;
		};
/* End XCConfigurationList section */
	};
	rootObject = 568CA43427CFFB5800F7DA28 /* Project object */;
}
